// !$*UTF8*$!
{
	archiveVersion = 1;
	classes = {
	};
	objectVersion = 42;
	objects = {

/* Begin PBXBuildFile section */
		53C9E69D20AA863D0039E316 /* PTYTabView.h in Headers */ = {isa = PBXBuildFile; fileRef = 53C9E69B20AA863D0039E316 /* PTYTabView.h */; };
		53C9E69E20AA863D0039E316 /* PTYTabView.m in Sources */ = {isa = PBXBuildFile; fileRef = 53C9E69C20AA863D0039E316 /* PTYTabView.m */; };
		8DC2EF530486A6940098B216 /* InfoPlist.strings in Resources */ = {isa = PBXBuildFile; fileRef = 089C1666FE841158C02AAC07 /* InfoPlist.strings */; };
		8DC2EF570486A6940098B216 /* Cocoa.framework in Frameworks */ = {isa = PBXBuildFile; fileRef = 1058C7B1FEA5585E11CA2CBB /* Cocoa.framework */; };
		FF21CDDB0999CC1B0029EC72 /* sheetinfo.strings in Resources */ = {isa = PBXBuildFile; fileRef = FF21CDDA0999CC1B0029EC72 /* sheetinfo.strings */; };
		FF21CDE30999CC3E0029EC72 /* close.tif in Resources */ = {isa = PBXBuildFile; fileRef = FF21CDDD0999CC3E0029EC72 /* close.tif */; };
		FF21CDE40999CC3E0029EC72 /* closePressed.tif in Resources */ = {isa = PBXBuildFile; fileRef = FF21CDDE0999CC3E0029EC72 /* closePressed.tif */; };
		FF21CDE50999CC3E0029EC72 /* redlight.tiff in Resources */ = {isa = PBXBuildFile; fileRef = FF21CDDF0999CC3E0029EC72 /* redlight.tiff */; };
		FF21CDE60999CC3E0029EC72 /* whitelight.tif in Resources */ = {isa = PBXBuildFile; fileRef = FF21CDE00999CC3E0029EC72 /* whitelight.tif */; };
		FF21CDE70999CC3E0029EC72 /* window.tif in Resources */ = {isa = PBXBuildFile; fileRef = FF21CDE10999CC3E0029EC72 /* window.tif */; };
		FF21CDE80999CC3E0029EC72 /* yellowlight.tif in Resources */ = {isa = PBXBuildFile; fileRef = FF21CDE20999CC3E0029EC72 /* yellowlight.tif */; };
		FF21CDF70999CC4F0029EC72 /* NSApplicationWindowAtPoint.h in Headers */ = {isa = PBXBuildFile; fileRef = FF21CDE90999CC4F0029EC72 /* NSApplicationWindowAtPoint.h */; };
		FF21CDF80999CC4F0029EC72 /* NSApplicationWindowAtPoint.m in Sources */ = {isa = PBXBuildFile; fileRef = FF21CDEA0999CC4F0029EC72 /* NSApplicationWindowAtPoint.m */; };
		FF21CDF90999CC4F0029EC72 /* RDNestedOutlineView.h in Headers */ = {isa = PBXBuildFile; fileRef = FF21CDEB0999CC4F0029EC72 /* RDNestedOutlineView.h */; settings = {ATTRIBUTES = (Public, ); }; };
		FF21CDFA0999CC4F0029EC72 /* RDNestedOutlineView.m in Sources */ = {isa = PBXBuildFile; fileRef = FF21CDEC0999CC4F0029EC72 /* RDNestedOutlineView.m */; };
		FF21CDFB0999CC4F0029EC72 /* RDNestedViewCollection.h in Headers */ = {isa = PBXBuildFile; fileRef = FF21CDED0999CC4F0029EC72 /* RDNestedViewCollection.h */; settings = {ATTRIBUTES = (Public, ); }; };
		FF21CDFC0999CC4F0029EC72 /* RDNestedViewCollection.m in Sources */ = {isa = PBXBuildFile; fileRef = FF21CDEE0999CC4F0029EC72 /* RDNestedViewCollection.m */; };
		FF21CDFD0999CC4F0029EC72 /* RDNestedViewDescriptor.h in Headers */ = {isa = PBXBuildFile; fileRef = FF21CDEF0999CC4F0029EC72 /* RDNestedViewDescriptor.h */; settings = {ATTRIBUTES = (Public, ); }; };
		FF21CDFE0999CC4F0029EC72 /* RDNestedViewDisplay.h in Headers */ = {isa = PBXBuildFile; fileRef = FF21CDF00999CC4F0029EC72 /* RDNestedViewDisplay.h */; settings = {ATTRIBUTES = (Public, ); }; };
		FF21CDFF0999CC4F0029EC72 /* RDNestedViewManager.h in Headers */ = {isa = PBXBuildFile; fileRef = FF21CDF10999CC4F0029EC72 /* RDNestedViewManager.h */; settings = {ATTRIBUTES = (Public, ); }; };
		FF21CE000999CC4F0029EC72 /* RDNestedViewManager.m in Sources */ = {isa = PBXBuildFile; fileRef = FF21CDF20999CC4F0029EC72 /* RDNestedViewManager.m */; };
		FF21CE010999CC4F0029EC72 /* RDNestedViewWindow.h in Headers */ = {isa = PBXBuildFile; fileRef = FF21CDF30999CC4F0029EC72 /* RDNestedViewWindow.h */; settings = {ATTRIBUTES = (Public, ); }; };
		FF21CE020999CC4F0029EC72 /* RDNestedViewWindow.m in Sources */ = {isa = PBXBuildFile; fileRef = FF21CDF40999CC4F0029EC72 /* RDNestedViewWindow.m */; };
		FF21CE030999CC4F0029EC72 /* RDOutlineView.h in Headers */ = {isa = PBXBuildFile; fileRef = FF21CDF50999CC4F0029EC72 /* RDOutlineView.h */; };
		FF21CE040999CC4F0029EC72 /* RDOutlineView.m in Sources */ = {isa = PBXBuildFile; fileRef = FF21CDF60999CC4F0029EC72 /* RDOutlineView.m */; };
		FF2BC71F0A57B9CA001AF02B /* RDNestedTabView.h in Headers */ = {isa = PBXBuildFile; fileRef = FF2BC71D0A57B9CA001AF02B /* RDNestedTabView.h */; settings = {ATTRIBUTES = (Public, ); }; };
		FF2BC7200A57B9CA001AF02B /* RDNestedTabView.m in Sources */ = {isa = PBXBuildFile; fileRef = FF2BC71E0A57B9CA001AF02B /* RDNestedTabView.m */; };
		FF2BC98E0A58D87C001AF02B /* RDTabViewItem.h in Headers */ = {isa = PBXBuildFile; fileRef = FF2BC98C0A58D87C001AF02B /* RDTabViewItem.h */; };
		FF2BC98F0A58D87C001AF02B /* RDTabViewItem.m in Sources */ = {isa = PBXBuildFile; fileRef = FF2BC98D0A58D87C001AF02B /* RDTabViewItem.m */; };
		FF351CF90C0629A000F436BE /* NSBezierPath_AMShading.h in Headers */ = {isa = PBXBuildFile; fileRef = FF351CDD0C0629A000F436BE /* NSBezierPath_AMShading.h */; };
		FF351CFA0C0629A000F436BE /* NSBezierPath_AMShading.m in Sources */ = {isa = PBXBuildFile; fileRef = FF351CDE0C0629A000F436BE /* NSBezierPath_AMShading.m */; };
		FF351CFB0C0629A000F436BE /* PSMAquaTabStyle.h in Headers */ = {isa = PBXBuildFile; fileRef = FF351CDF0C0629A000F436BE /* PSMAquaTabStyle.h */; };
		FF351CFC0C0629A000F436BE /* PSMAquaTabStyle.m in Sources */ = {isa = PBXBuildFile; fileRef = FF351CE00C0629A000F436BE /* PSMAquaTabStyle.m */; };
		FF351CFD0C0629A000F436BE /* PSMMetalTabStyle.h in Headers */ = {isa = PBXBuildFile; fileRef = FF351CE10C0629A000F436BE /* PSMMetalTabStyle.h */; };
		FF351CFE0C0629A000F436BE /* PSMMetalTabStyle.m in Sources */ = {isa = PBXBuildFile; fileRef = FF351CE20C0629A000F436BE /* PSMMetalTabStyle.m */; };
		FF351CFF0C0629A000F436BE /* PSMOverflowPopUpButton.h in Headers */ = {isa = PBXBuildFile; fileRef = FF351CE30C0629A000F436BE /* PSMOverflowPopUpButton.h */; };
		FF351D010C0629A000F436BE /* PSMOverflowPopUpButton.m in Sources */ = {isa = PBXBuildFile; fileRef = FF351CE50C0629A000F436BE /* PSMOverflowPopUpButton.m */; };
		FF351D030C0629A000F436BE /* PSMProgressIndicator.h in Headers */ = {isa = PBXBuildFile; fileRef = FF351CE70C0629A000F436BE /* PSMProgressIndicator.h */; };
		FF351D040C0629A000F436BE /* PSMProgressIndicator.m in Sources */ = {isa = PBXBuildFile; fileRef = FF351CE80C0629A000F436BE /* PSMProgressIndicator.m */; };
		FF351D050C0629A000F436BE /* PSMRolloverButton.h in Headers */ = {isa = PBXBuildFile; fileRef = FF351CE90C0629A000F436BE /* PSMRolloverButton.h */; };
		FF351D060C0629A000F436BE /* PSMRolloverButton.m in Sources */ = {isa = PBXBuildFile; fileRef = FF351CEA0C0629A000F436BE /* PSMRolloverButton.m */; };
		FF351D070C0629A000F436BE /* PSMTabBarCell.h in Headers */ = {isa = PBXBuildFile; fileRef = FF351CEB0C0629A000F436BE /* PSMTabBarCell.h */; };
		FF351D080C0629A000F436BE /* PSMTabBarCell.m in Sources */ = {isa = PBXBuildFile; fileRef = FF351CEC0C0629A000F436BE /* PSMTabBarCell.m */; };
		FF351D0A0C0629A000F436BE /* PSMTabBarControl.h in Headers */ = {isa = PBXBuildFile; fileRef = FF351CEE0C0629A000F436BE /* PSMTabBarControl.h */; settings = {ATTRIBUTES = (Public, ); }; };
		FF351D0B0C0629A000F436BE /* PSMTabBarControl.m in Sources */ = {isa = PBXBuildFile; fileRef = FF351CEF0C0629A000F436BE /* PSMTabBarControl.m */; };
		FF351D100C0629A000F436BE /* PSMTabDragAssistant.h in Headers */ = {isa = PBXBuildFile; fileRef = FF351CF40C0629A000F436BE /* PSMTabDragAssistant.h */; };
		FF351D110C0629A000F436BE /* PSMTabDragAssistant.m in Sources */ = {isa = PBXBuildFile; fileRef = FF351CF50C0629A000F436BE /* PSMTabDragAssistant.m */; };
		FF351D120C0629A000F436BE /* PSMTabStyle.h in Headers */ = {isa = PBXBuildFile; fileRef = FF351CF60C0629A000F436BE /* PSMTabStyle.h */; };
		FF351D130C0629A000F436BE /* PSMUnifiedTabStyle.h in Headers */ = {isa = PBXBuildFile; fileRef = FF351CF70C0629A000F436BE /* PSMUnifiedTabStyle.h */; };
		FF351D140C0629A000F436BE /* PSMUnifiedTabStyle.m in Sources */ = {isa = PBXBuildFile; fileRef = FF351CF80C0629A000F436BE /* PSMUnifiedTabStyle.m */; };
		FF351D310C0629B200F436BE /* 32x32_log.tiff in Resources */ = {isa = PBXBuildFile; fileRef = FF351D150C0629B200F436BE /* 32x32_log.tiff */; };
		FF351D320C0629B200F436BE /* 32x32cancel.png in Resources */ = {isa = PBXBuildFile; fileRef = FF351D160C0629B200F436BE /* 32x32cancel.png */; };
		FF351D330C0629B200F436BE /* AquaTabClose_Front_Pressed.tif in Resources */ = {isa = PBXBuildFile; fileRef = FF351D170C0629B200F436BE /* AquaTabClose_Front_Pressed.tif */; };
		FF351D340C0629B200F436BE /* AquaTabClose_Front_Rollover.tif in Resources */ = {isa = PBXBuildFile; fileRef = FF351D180C0629B200F436BE /* AquaTabClose_Front_Rollover.tif */; };
		FF351D350C0629B200F436BE /* AquaTabClose_Front.tif in Resources */ = {isa = PBXBuildFile; fileRef = FF351D190C0629B200F436BE /* AquaTabClose_Front.tif */; };
		FF351D360C0629B200F436BE /* AquaTabNew.png in Resources */ = {isa = PBXBuildFile; fileRef = FF351D1A0C0629B200F436BE /* AquaTabNew.png */; };
		FF351D370C0629B200F436BE /* AquaTabNewPressed.png in Resources */ = {isa = PBXBuildFile; fileRef = FF351D1B0C0629B200F436BE /* AquaTabNewPressed.png */; };
		FF351D380C0629B200F436BE /* AquaTabNewRollover.png in Resources */ = {isa = PBXBuildFile; fileRef = FF351D1C0C0629B200F436BE /* AquaTabNewRollover.png */; };
		FF351D390C0629B200F436BE /* AquaTabsBackground.png in Resources */ = {isa = PBXBuildFile; fileRef = FF351D1D0C0629B200F436BE /* AquaTabsBackground.png */; };
		FF351D3A0C0629B200F436BE /* AquaTabsDown.png in Resources */ = {isa = PBXBuildFile; fileRef = FF351D1E0C0629B200F436BE /* AquaTabsDown.png */; };
		FF351D3B0C0629B200F436BE /* AquaTabsDownGraphite.png in Resources */ = {isa = PBXBuildFile; fileRef = FF351D1F0C0629B200F436BE /* AquaTabsDownGraphite.png */; };
		FF351D3C0C0629B200F436BE /* AquaTabsDownNonKey.png in Resources */ = {isa = PBXBuildFile; fileRef = FF351D200C0629B200F436BE /* AquaTabsDownNonKey.png */; };
		FF351D3D0C0629B200F436BE /* AquaTabsSeparator.png in Resources */ = {isa = PBXBuildFile; fileRef = FF351D210C0629B200F436BE /* AquaTabsSeparator.png */; };
		FF351D3E0C0629B200F436BE /* AquaTabsSeparatorDown.png in Resources */ = {isa = PBXBuildFile; fileRef = FF351D220C0629B200F436BE /* AquaTabsSeparatorDown.png */; };
		FF351D3F0C0629B200F436BE /* Folder.tif in Resources */ = {isa = PBXBuildFile; fileRef = FF351D230C0629B200F436BE /* Folder.tif */; };
		FF351D400C0629B200F436BE /* Globe.tiff in Resources */ = {isa = PBXBuildFile; fileRef = FF351D240C0629B200F436BE /* Globe.tiff */; };
		FF351D410C0629B200F436BE /* overflowImage.tiff in Resources */ = {isa = PBXBuildFile; fileRef = FF351D250C0629B200F436BE /* overflowImage.tiff */; };
		FF351D420C0629B200F436BE /* overflowImagePressed.tif in Resources */ = {isa = PBXBuildFile; fileRef = FF351D260C0629B200F436BE /* overflowImagePressed.tif */; };
		FF351D430C0629B200F436BE /* pi.png in Resources */ = {isa = PBXBuildFile; fileRef = FF351D270C0629B200F436BE /* pi.png */; };
		FF351D440C0629B200F436BE /* TabClose_Front_Pressed.tif in Resources */ = {isa = PBXBuildFile; fileRef = FF351D280C0629B200F436BE /* TabClose_Front_Pressed.tif */; };
		FF351D450C0629B200F436BE /* TabClose_Front_Rollover.tif in Resources */ = {isa = PBXBuildFile; fileRef = FF351D290C0629B200F436BE /* TabClose_Front_Rollover.tif */; };
		FF351D460C0629B200F436BE /* TabClose_Front.tif in Resources */ = {isa = PBXBuildFile; fileRef = FF351D2A0C0629B200F436BE /* TabClose_Front.tif */; };
		FF351D470C0629B200F436BE /* TabControlRep.tif in Resources */ = {isa = PBXBuildFile; fileRef = FF351D2B0C0629B200F436BE /* TabControlRep.tif */; };
		FF351D480C0629B200F436BE /* TabIcon.tif in Resources */ = {isa = PBXBuildFile; fileRef = FF351D2C0C0629B200F436BE /* TabIcon.tif */; };
		FF351D490C0629B200F436BE /* TabNewMetal.png in Resources */ = {isa = PBXBuildFile; fileRef = FF351D2D0C0629B200F436BE /* TabNewMetal.png */; };
		FF351D4A0C0629B200F436BE /* TabNewMetalPressed.png in Resources */ = {isa = PBXBuildFile; fileRef = FF351D2E0C0629B200F436BE /* TabNewMetalPressed.png */; };
		FF351D4B0C0629B200F436BE /* TabNewMetalRollover.png in Resources */ = {isa = PBXBuildFile; fileRef = FF351D2F0C0629B200F436BE /* TabNewMetalRollover.png */; };
		FF351D4C0C0629B200F436BE /* Warning.png in Resources */ = {isa = PBXBuildFile; fileRef = FF351D300C0629B200F436BE /* Warning.png */; };
		FF3CEEFC0A57050C00FA9F86 /* RBSplitSubview.h in Headers */ = {isa = PBXBuildFile; fileRef = FF3CEEF70A57050C00FA9F86 /* RBSplitSubview.h */; settings = {ATTRIBUTES = (Public, ); }; };
		FF3CEEFD0A57050C00FA9F86 /* RBSplitSubview.m in Sources */ = {isa = PBXBuildFile; fileRef = FF3CEEF80A57050C00FA9F86 /* RBSplitSubview.m */; };
		FF3CEEFE0A57050C00FA9F86 /* RBSplitView.h in Headers */ = {isa = PBXBuildFile; fileRef = FF3CEEF90A57050C00FA9F86 /* RBSplitView.h */; settings = {ATTRIBUTES = (Public, ); }; };
		FF3CEEFF0A57050C00FA9F86 /* RBSplitView.m in Sources */ = {isa = PBXBuildFile; fileRef = FF3CEEFA0A57050C00FA9F86 /* RBSplitView.m */; };
		FF3CEF000A57050C00FA9F86 /* RBSplitViewPrivateDefines.h in Headers */ = {isa = PBXBuildFile; fileRef = FF3CEEFB0A57050C00FA9F86 /* RBSplitViewPrivateDefines.h */; };
		FF3CF0170A570C5B00FA9F86 /* Drag.png in Resources */ = {isa = PBXBuildFile; fileRef = FF3CF0160A570C5B00FA9F86 /* Drag.png */; };
		FF3CF10D0A57179900FA9F86 /* Thumb8.png in Resources */ = {isa = PBXBuildFile; fileRef = FF3CF10B0A57179900FA9F86 /* Thumb8.png */; };
		FF3CF10E0A57179900FA9F86 /* Thumb9.png in Resources */ = {isa = PBXBuildFile; fileRef = FF3CF10C0A57179900FA9F86 /* Thumb9.png */; };
		FF4769A10C93670200BE7886 /* RDNestedTabBarView.h in Headers */ = {isa = PBXBuildFile; fileRef = FF47699F0C93670200BE7886 /* RDNestedTabBarView.h */; settings = {ATTRIBUTES = (Public, ); }; };
		FF4769A20C93670200BE7886 /* RDNestedTabBarView.m in Sources */ = {isa = PBXBuildFile; fileRef = FF4769A00C93670200BE7886 /* RDNestedTabBarView.m */; };
		FF99ADAC0C2B6317005F1FF9 /* folder.png in Resources */ = {isa = PBXBuildFile; fileRef = FF99ADAB0C2B6317005F1FF9 /* folder.png */; };
		FF99AE7A0C2B6FD4005F1FF9 /* RDSourceListCell.h in Headers */ = {isa = PBXBuildFile; fileRef = FF99AE780C2B6FD4005F1FF9 /* RDSourceListCell.h */; };
		FF99AE7B0C2B6FD4005F1FF9 /* RDSourceListCell.m in Sources */ = {isa = PBXBuildFile; fileRef = FF99AE790C2B6FD4005F1FF9 /* RDSourceListCell.m */; };
		FF99AED30C2BA45E005F1FF9 /* RDNestedSourceView.h in Headers */ = {isa = PBXBuildFile; fileRef = FF99AED10C2BA45E005F1FF9 /* RDNestedSourceView.h */; settings = {ATTRIBUTES = (Public, ); }; };
		FF99AED40C2BA45E005F1FF9 /* RDNestedSourceView.m in Sources */ = {isa = PBXBuildFile; fileRef = FF99AED20C2BA45E005F1FF9 /* RDNestedSourceView.m */; };
		FFADDE3E0C93C84A00BE1C92 /* PSMAdiumTabStyle.h in Headers */ = {isa = PBXBuildFile; fileRef = FFADDE3A0C93C84900BE1C92 /* PSMAdiumTabStyle.h */; };
		FFADDE3F0C93C84A00BE1C92 /* PSMAdiumTabStyle.m in Sources */ = {isa = PBXBuildFile; fileRef = FFADDE3B0C93C84900BE1C92 /* PSMAdiumTabStyle.m */; };
		FFADDE400C93C84A00BE1C92 /* PSMTabDragWindow.h in Headers */ = {isa = PBXBuildFile; fileRef = FFADDE3C0C93C84900BE1C92 /* PSMTabDragWindow.h */; };
		FFADDE410C93C84A00BE1C92 /* PSMTabDragWindow.m in Sources */ = {isa = PBXBuildFile; fileRef = FFADDE3D0C93C84900BE1C92 /* PSMTabDragWindow.m */; };
		FFC71C7B09AEF12600726AF4 /* RDChainedListButton.h in Headers */ = {isa = PBXBuildFile; fileRef = FFC71C7909AEF12600726AF4 /* RDChainedListButton.h */; settings = {ATTRIBUTES = (Public, ); }; };
		FFC71C7C09AEF12600726AF4 /* RDChainedListButton.m in Sources */ = {isa = PBXBuildFile; fileRef = FFC71C7A09AEF12600726AF4 /* RDChainedListButton.m */; };
		FFCBDABA0CD46CD6009341CB /* RDLayoutManager.h in Headers */ = {isa = PBXBuildFile; fileRef = FFCBDAB80CD46CD6009341CB /* RDLayoutManager.h */; };
		FFCBDABB0CD46CD6009341CB /* RDLayoutManager.m in Sources */ = {isa = PBXBuildFile; fileRef = FFCBDAB90CD46CD6009341CB /* RDLayoutManager.m */; };
		FFDC37910C028EFC008790F5 /* Action_Pressed.tif in Resources */ = {isa = PBXBuildFile; fileRef = FFDC377A0C028EFC008790F5 /* Action_Pressed.tif */; };
		FFDC37920C028EFC008790F5 /* Action.tif in Resources */ = {isa = PBXBuildFile; fileRef = FFDC377B0C028EFC008790F5 /* Action.tif */; };
		FFDC37930C028EFC008790F5 /* RotateLeft.tif in Resources */ = {isa = PBXBuildFile; fileRef = FFDC377C0C028EFC008790F5 /* RotateLeft.tif */; };
		FFDC37940C028EFC008790F5 /* RotateRight.tif in Resources */ = {isa = PBXBuildFile; fileRef = FFDC377D0C028EFC008790F5 /* RotateRight.tif */; };
		FFDC37950C028EFC008790F5 /* RSActionPopUpButton.h in Headers */ = {isa = PBXBuildFile; fileRef = FFDC377E0C028EFC008790F5 /* RSActionPopUpButton.h */; };
		FFDC37960C028EFC008790F5 /* RSActionPopUpButton.mm in Sources */ = {isa = PBXBuildFile; fileRef = FFDC377F0C028EFC008790F5 /* RSActionPopUpButton.mm */; };
		FFDC37970C028EFC008790F5 /* RSActionPopUpButtonCell.h in Headers */ = {isa = PBXBuildFile; fileRef = FFDC37800C028EFC008790F5 /* RSActionPopUpButtonCell.h */; };
		FFDC37980C028EFC008790F5 /* RSActionPopUpButtonCell.mm in Sources */ = {isa = PBXBuildFile; fileRef = FFDC37810C028EFC008790F5 /* RSActionPopUpButtonCell.mm */; };
		FFDC37990C028EFC008790F5 /* RSButton.tif in Resources */ = {isa = PBXBuildFile; fileRef = FFDC37820C028EFC008790F5 /* RSButton.tif */; };
		FFDC379C0C028EFC008790F5 /* RSGradientSquareButton.h in Headers */ = {isa = PBXBuildFile; fileRef = FFDC37850C028EFC008790F5 /* RSGradientSquareButton.h */; };
		FFDC379D0C028EFC008790F5 /* RSGradientSquareButton.mm in Sources */ = {isa = PBXBuildFile; fileRef = FFDC37860C028EFC008790F5 /* RSGradientSquareButton.mm */; };
		FFDC379E0C028EFC008790F5 /* RSGradientSquareButtonCell.h in Headers */ = {isa = PBXBuildFile; fileRef = FFDC37870C028EFC008790F5 /* RSGradientSquareButtonCell.h */; };
		FFDC379F0C028EFC008790F5 /* RSGradientSquareButtonCell.mm in Sources */ = {isa = PBXBuildFile; fileRef = FFDC37880C028EFC008790F5 /* RSGradientSquareButtonCell.mm */; };
		FFDC37A20C028EFC008790F5 /* RSLinearAxialShading.h in Headers */ = {isa = PBXBuildFile; fileRef = FFDC378B0C028EFC008790F5 /* RSLinearAxialShading.h */; };
		FFDC37A30C028EFC008790F5 /* RSLinearAxialShading.mm in Sources */ = {isa = PBXBuildFile; fileRef = FFDC378C0C028EFC008790F5 /* RSLinearAxialShading.mm */; };
		FFDC37A40C028EFC008790F5 /* RSStepperButton.h in Headers */ = {isa = PBXBuildFile; fileRef = FFDC378D0C028EFC008790F5 /* RSStepperButton.h */; };
		FFDC37A50C028EFC008790F5 /* RSStepperButton.mm in Sources */ = {isa = PBXBuildFile; fileRef = FFDC378E0C028EFC008790F5 /* RSStepperButton.mm */; };
		FFEC1F9909A7D68800B59E48 /* RDChainedListItem.h in Headers */ = {isa = PBXBuildFile; fileRef = FFEC1F9309A7D68800B59E48 /* RDChainedListItem.h */; settings = {ATTRIBUTES = (Public, ); }; };
		FFEC1F9A09A7D68800B59E48 /* RDChainedListItem.m in Sources */ = {isa = PBXBuildFile; fileRef = FFEC1F9409A7D68800B59E48 /* RDChainedListItem.m */; };
		FFEC1F9B09A7D68800B59E48 /* RDChainedListItemContent.h in Headers */ = {isa = PBXBuildFile; fileRef = FFEC1F9509A7D68800B59E48 /* RDChainedListItemContent.h */; settings = {ATTRIBUTES = (Public, ); }; };
		FFEC1F9C09A7D68800B59E48 /* RDChainedListItemContent.m in Sources */ = {isa = PBXBuildFile; fileRef = FFEC1F9609A7D68800B59E48 /* RDChainedListItemContent.m */; };
		FFEC1F9D09A7D68800B59E48 /* RDChainedListView.h in Headers */ = {isa = PBXBuildFile; fileRef = FFEC1F9709A7D68800B59E48 /* RDChainedListView.h */; settings = {ATTRIBUTES = (Public, ); }; };
		FFEC1F9E09A7D68800B59E48 /* RDChainedListView.m in Sources */ = {isa = PBXBuildFile; fileRef = FFEC1F9809A7D68800B59E48 /* RDChainedListView.m */; };
		FFED5A4E096CD74D003EFECE /* RDScrollView.h in Headers */ = {isa = PBXBuildFile; fileRef = FFED5A4A096CD74D003EFECE /* RDScrollView.h */; settings = {ATTRIBUTES = (Public, ); }; };
		FFED5A4F096CD74D003EFECE /* RDScrollView.m in Sources */ = {isa = PBXBuildFile; fileRef = FFED5A4B096CD74D003EFECE /* RDScrollView.m */; };
		FFED5A50096CD74D003EFECE /* RDTextView.h in Headers */ = {isa = PBXBuildFile; fileRef = FFED5A4C096CD74D003EFECE /* RDTextView.h */; settings = {ATTRIBUTES = (Public, ); }; };
		FFED5A51096CD74D003EFECE /* RDTextView.m in Sources */ = {isa = PBXBuildFile; fileRef = FFED5A4D096CD74D003EFECE /* RDTextView.m */; };
		FFFB7B4D0999F01B002D2572 /* Lemuria.h in Headers */ = {isa = PBXBuildFile; fileRef = FFFB7B4C0999F01B002D2572 /* Lemuria.h */; settings = {ATTRIBUTES = (Public, ); }; };
/* End PBXBuildFile section */

/* Begin PBXFileReference section */
		0867D69BFE84028FC02AAC07 /* Foundation.framework */ = {isa = PBXFileReference; lastKnownFileType = wrapper.framework; name = Foundation.framework; path = /System/Library/Frameworks/Foundation.framework; sourceTree = "<absolute>"; };
		0867D6A5FE840307C02AAC07 /* AppKit.framework */ = {isa = PBXFileReference; lastKnownFileType = wrapper.framework; name = AppKit.framework; path = /System/Library/Frameworks/AppKit.framework; sourceTree = "<absolute>"; };
		089C1667FE841158C02AAC07 /* English */ = {isa = PBXFileReference; fileEncoding = 10; lastKnownFileType = text.plist.strings; name = English; path = English.lproj/InfoPlist.strings; sourceTree = "<group>"; };
		1058C7B1FEA5585E11CA2CBB /* Cocoa.framework */ = {isa = PBXFileReference; lastKnownFileType = wrapper.framework; name = Cocoa.framework; path = /System/Library/Frameworks/Cocoa.framework; sourceTree = "<absolute>"; };
		32DBCF5E0370ADEE00C91783 /* Lemuria_Prefix.pch */ = {isa = PBXFileReference; fileEncoding = 4; lastKnownFileType = sourcecode.c.h; path = Lemuria_Prefix.pch; sourceTree = "<group>"; };
		53C9E69B20AA863D0039E316 /* PTYTabView.h */ = {isa = PBXFileReference; fileEncoding = 4; lastKnownFileType = sourcecode.c.h; name = PTYTabView.h; path = PSMTabBarControl/source/PTYTabView.h; sourceTree = "<group>"; };
		53C9E69C20AA863D0039E316 /* PTYTabView.m */ = {isa = PBXFileReference; fileEncoding = 4; lastKnownFileType = sourcecode.c.objc; name = PTYTabView.m; path = PSMTabBarControl/source/PTYTabView.m; sourceTree = "<group>"; };
		8DC2EF5A0486A6940098B216 /* Info.plist */ = {isa = PBXFileReference; fileEncoding = 4; lastKnownFileType = text.plist; path = Info.plist; sourceTree = "<group>"; };
		8DC2EF5B0486A6940098B216 /* Lemuria.framework */ = {isa = PBXFileReference; explicitFileType = wrapper.framework; includeInIndex = 0; path = Lemuria.framework; sourceTree = BUILT_PRODUCTS_DIR; };
		D2F7E79907B2D74100F64583 /* CoreData.framework */ = {isa = PBXFileReference; lastKnownFileType = wrapper.framework; name = CoreData.framework; path = /System/Library/Frameworks/CoreData.framework; sourceTree = "<absolute>"; };
		FF21CDD50999CC110029EC72 /* English */ = {isa = PBXFileReference; fileEncoding = 4; lastKnownFileType = text.plist.strings; name = English; path = English.lproj/sheetinfo.strings; sourceTree = "<group>"; };
		FF21CDDD0999CC3E0029EC72 /* close.tif */ = {isa = PBXFileReference; lastKnownFileType = image.tiff; name = close.tif; path = "Nested View System/Images/close.tif"; sourceTree = "<group>"; };
		FF21CDDE0999CC3E0029EC72 /* closePressed.tif */ = {isa = PBXFileReference; lastKnownFileType = image.tiff; name = closePressed.tif; path = "Nested View System/Images/closePressed.tif"; sourceTree = "<group>"; };
		FF21CDDF0999CC3E0029EC72 /* redlight.tiff */ = {isa = PBXFileReference; lastKnownFileType = image.tiff; name = redlight.tiff; path = "Nested View System/Images/redlight.tiff"; sourceTree = "<group>"; };
		FF21CDE00999CC3E0029EC72 /* whitelight.tif */ = {isa = PBXFileReference; lastKnownFileType = image.tiff; name = whitelight.tif; path = "Nested View System/Images/whitelight.tif"; sourceTree = "<group>"; };
		FF21CDE10999CC3E0029EC72 /* window.tif */ = {isa = PBXFileReference; lastKnownFileType = image.tiff; name = window.tif; path = "Nested View System/Images/window.tif"; sourceTree = "<group>"; };
		FF21CDE20999CC3E0029EC72 /* yellowlight.tif */ = {isa = PBXFileReference; lastKnownFileType = image.tiff; name = yellowlight.tif; path = "Nested View System/Images/yellowlight.tif"; sourceTree = "<group>"; };
		FF21CDE90999CC4F0029EC72 /* NSApplicationWindowAtPoint.h */ = {isa = PBXFileReference; fileEncoding = 30; lastKnownFileType = sourcecode.c.h; name = NSApplicationWindowAtPoint.h; path = "Nested View System/NSApplicationWindowAtPoint.h"; sourceTree = "<group>"; };
		FF21CDEA0999CC4F0029EC72 /* NSApplicationWindowAtPoint.m */ = {isa = PBXFileReference; fileEncoding = 30; lastKnownFileType = sourcecode.c.objc; name = NSApplicationWindowAtPoint.m; path = "Nested View System/NSApplicationWindowAtPoint.m"; sourceTree = "<group>"; };
		FF21CDEB0999CC4F0029EC72 /* RDNestedOutlineView.h */ = {isa = PBXFileReference; fileEncoding = 30; lastKnownFileType = sourcecode.c.h; name = RDNestedOutlineView.h; path = "Nested View System/RDNestedOutlineView.h"; sourceTree = "<group>"; };
		FF21CDEC0999CC4F0029EC72 /* RDNestedOutlineView.m */ = {isa = PBXFileReference; fileEncoding = 30; lastKnownFileType = sourcecode.c.objc; name = RDNestedOutlineView.m; path = "Nested View System/RDNestedOutlineView.m"; sourceTree = "<group>"; };
		FF21CDED0999CC4F0029EC72 /* RDNestedViewCollection.h */ = {isa = PBXFileReference; fileEncoding = 30; lastKnownFileType = sourcecode.c.h; name = RDNestedViewCollection.h; path = "Nested View System/RDNestedViewCollection.h"; sourceTree = "<group>"; };
		FF21CDEE0999CC4F0029EC72 /* RDNestedViewCollection.m */ = {isa = PBXFileReference; fileEncoding = 30; lastKnownFileType = sourcecode.c.objc; name = RDNestedViewCollection.m; path = "Nested View System/RDNestedViewCollection.m"; sourceTree = "<group>"; };
		FF21CDEF0999CC4F0029EC72 /* RDNestedViewDescriptor.h */ = {isa = PBXFileReference; fileEncoding = 30; lastKnownFileType = sourcecode.c.h; name = RDNestedViewDescriptor.h; path = "Nested View System/RDNestedViewDescriptor.h"; sourceTree = "<group>"; };
		FF21CDF00999CC4F0029EC72 /* RDNestedViewDisplay.h */ = {isa = PBXFileReference; fileEncoding = 30; lastKnownFileType = sourcecode.c.h; name = RDNestedViewDisplay.h; path = "Nested View System/RDNestedViewDisplay.h"; sourceTree = "<group>"; };
		FF21CDF10999CC4F0029EC72 /* RDNestedViewManager.h */ = {isa = PBXFileReference; fileEncoding = 30; lastKnownFileType = sourcecode.c.h; name = RDNestedViewManager.h; path = "Nested View System/RDNestedViewManager.h"; sourceTree = "<group>"; };
		FF21CDF20999CC4F0029EC72 /* RDNestedViewManager.m */ = {isa = PBXFileReference; fileEncoding = 30; lastKnownFileType = sourcecode.c.objc; name = RDNestedViewManager.m; path = "Nested View System/RDNestedViewManager.m"; sourceTree = "<group>"; };
		FF21CDF30999CC4F0029EC72 /* RDNestedViewWindow.h */ = {isa = PBXFileReference; fileEncoding = 30; lastKnownFileType = sourcecode.c.h; name = RDNestedViewWindow.h; path = "Nested View System/RDNestedViewWindow.h"; sourceTree = "<group>"; };
		FF21CDF40999CC4F0029EC72 /* RDNestedViewWindow.m */ = {isa = PBXFileReference; fileEncoding = 30; lastKnownFileType = sourcecode.c.objc; name = RDNestedViewWindow.m; path = "Nested View System/RDNestedViewWindow.m"; sourceTree = "<group>"; };
		FF21CDF50999CC4F0029EC72 /* RDOutlineView.h */ = {isa = PBXFileReference; fileEncoding = 30; lastKnownFileType = sourcecode.c.h; name = RDOutlineView.h; path = "Nested View System/RDOutlineView.h"; sourceTree = "<group>"; };
		FF21CDF60999CC4F0029EC72 /* RDOutlineView.m */ = {isa = PBXFileReference; fileEncoding = 30; lastKnownFileType = sourcecode.c.objc; name = RDOutlineView.m; path = "Nested View System/RDOutlineView.m"; sourceTree = "<group>"; };
		FF2BC71D0A57B9CA001AF02B /* RDNestedTabView.h */ = {isa = PBXFileReference; fileEncoding = 4; lastKnownFileType = sourcecode.c.h; name = RDNestedTabView.h; path = "Nested View System/RDNestedTabView.h"; sourceTree = "<group>"; };
		FF2BC71E0A57B9CA001AF02B /* RDNestedTabView.m */ = {isa = PBXFileReference; fileEncoding = 4; lastKnownFileType = sourcecode.c.objc; name = RDNestedTabView.m; path = "Nested View System/RDNestedTabView.m"; sourceTree = "<group>"; };
		FF2BC98C0A58D87C001AF02B /* RDTabViewItem.h */ = {isa = PBXFileReference; fileEncoding = 4; lastKnownFileType = sourcecode.c.h; name = RDTabViewItem.h; path = "Nested View System/RDTabViewItem.h"; sourceTree = "<group>"; };
		FF2BC98D0A58D87C001AF02B /* RDTabViewItem.m */ = {isa = PBXFileReference; fileEncoding = 4; lastKnownFileType = sourcecode.c.objc; name = RDTabViewItem.m; path = "Nested View System/RDTabViewItem.m"; sourceTree = "<group>"; };
		FF351CDD0C0629A000F436BE /* NSBezierPath_AMShading.h */ = {isa = PBXFileReference; fileEncoding = 30; lastKnownFileType = sourcecode.c.h; name = NSBezierPath_AMShading.h; path = PSMTabBarControl/source/NSBezierPath_AMShading.h; sourceTree = "<group>"; };
		FF351CDE0C0629A000F436BE /* NSBezierPath_AMShading.m */ = {isa = PBXFileReference; fileEncoding = 30; lastKnownFileType = sourcecode.c.objc; name = NSBezierPath_AMShading.m; path = PSMTabBarControl/source/NSBezierPath_AMShading.m; sourceTree = "<group>"; };
		FF351CDF0C0629A000F436BE /* PSMAquaTabStyle.h */ = {isa = PBXFileReference; fileEncoding = 30; lastKnownFileType = sourcecode.c.h; name = PSMAquaTabStyle.h; path = PSMTabBarControl/source/PSMAquaTabStyle.h; sourceTree = "<group>"; };
		FF351CE00C0629A000F436BE /* PSMAquaTabStyle.m */ = {isa = PBXFileReference; fileEncoding = 30; lastKnownFileType = sourcecode.c.objc; name = PSMAquaTabStyle.m; path = PSMTabBarControl/source/PSMAquaTabStyle.m; sourceTree = "<group>"; };
		FF351CE10C0629A000F436BE /* PSMMetalTabStyle.h */ = {isa = PBXFileReference; fileEncoding = 30; lastKnownFileType = sourcecode.c.h; name = PSMMetalTabStyle.h; path = PSMTabBarControl/source/PSMMetalTabStyle.h; sourceTree = "<group>"; };
		FF351CE20C0629A000F436BE /* PSMMetalTabStyle.m */ = {isa = PBXFileReference; fileEncoding = 30; lastKnownFileType = sourcecode.c.objc; name = PSMMetalTabStyle.m; path = PSMTabBarControl/source/PSMMetalTabStyle.m; sourceTree = "<group>"; };
		FF351CE30C0629A000F436BE /* PSMOverflowPopUpButton.h */ = {isa = PBXFileReference; fileEncoding = 30; lastKnownFileType = sourcecode.c.h; name = PSMOverflowPopUpButton.h; path = PSMTabBarControl/source/PSMOverflowPopUpButton.h; sourceTree = "<group>"; };
		FF351CE50C0629A000F436BE /* PSMOverflowPopUpButton.m */ = {isa = PBXFileReference; fileEncoding = 30; lastKnownFileType = sourcecode.c.objc; name = PSMOverflowPopUpButton.m; path = PSMTabBarControl/source/PSMOverflowPopUpButton.m; sourceTree = "<group>"; };
		FF351CE70C0629A000F436BE /* PSMProgressIndicator.h */ = {isa = PBXFileReference; fileEncoding = 30; lastKnownFileType = sourcecode.c.h; name = PSMProgressIndicator.h; path = PSMTabBarControl/source/PSMProgressIndicator.h; sourceTree = "<group>"; };
		FF351CE80C0629A000F436BE /* PSMProgressIndicator.m */ = {isa = PBXFileReference; fileEncoding = 30; lastKnownFileType = sourcecode.c.objc; name = PSMProgressIndicator.m; path = PSMTabBarControl/source/PSMProgressIndicator.m; sourceTree = "<group>"; };
		FF351CE90C0629A000F436BE /* PSMRolloverButton.h */ = {isa = PBXFileReference; fileEncoding = 30; lastKnownFileType = sourcecode.c.h; name = PSMRolloverButton.h; path = PSMTabBarControl/source/PSMRolloverButton.h; sourceTree = "<group>"; };
		FF351CEA0C0629A000F436BE /* PSMRolloverButton.m */ = {isa = PBXFileReference; fileEncoding = 30; lastKnownFileType = sourcecode.c.objc; name = PSMRolloverButton.m; path = PSMTabBarControl/source/PSMRolloverButton.m; sourceTree = "<group>"; };
		FF351CEB0C0629A000F436BE /* PSMTabBarCell.h */ = {isa = PBXFileReference; fileEncoding = 30; lastKnownFileType = sourcecode.c.h; name = PSMTabBarCell.h; path = PSMTabBarControl/source/PSMTabBarCell.h; sourceTree = "<group>"; };
		FF351CEC0C0629A000F436BE /* PSMTabBarCell.m */ = {isa = PBXFileReference; fileEncoding = 30; lastKnownFileType = sourcecode.c.objc; name = PSMTabBarCell.m; path = PSMTabBarControl/source/PSMTabBarCell.m; sourceTree = "<group>"; };
		FF351CEE0C0629A000F436BE /* PSMTabBarControl.h */ = {isa = PBXFileReference; fileEncoding = 30; lastKnownFileType = sourcecode.c.h; name = PSMTabBarControl.h; path = PSMTabBarControl/source/PSMTabBarControl.h; sourceTree = "<group>"; };
		FF351CEF0C0629A000F436BE /* PSMTabBarControl.m */ = {isa = PBXFileReference; fileEncoding = 30; lastKnownFileType = sourcecode.c.objc; name = PSMTabBarControl.m; path = PSMTabBarControl/source/PSMTabBarControl.m; sourceTree = "<group>"; };
		FF351CF40C0629A000F436BE /* PSMTabDragAssistant.h */ = {isa = PBXFileReference; fileEncoding = 30; lastKnownFileType = sourcecode.c.h; name = PSMTabDragAssistant.h; path = PSMTabBarControl/source/PSMTabDragAssistant.h; sourceTree = "<group>"; };
		FF351CF50C0629A000F436BE /* PSMTabDragAssistant.m */ = {isa = PBXFileReference; fileEncoding = 30; lastKnownFileType = sourcecode.c.objc; name = PSMTabDragAssistant.m; path = PSMTabBarControl/source/PSMTabDragAssistant.m; sourceTree = "<group>"; };
		FF351CF60C0629A000F436BE /* PSMTabStyle.h */ = {isa = PBXFileReference; fileEncoding = 30; lastKnownFileType = sourcecode.c.h; name = PSMTabStyle.h; path = PSMTabBarControl/source/PSMTabStyle.h; sourceTree = "<group>"; };
		FF351CF70C0629A000F436BE /* PSMUnifiedTabStyle.h */ = {isa = PBXFileReference; fileEncoding = 30; lastKnownFileType = sourcecode.c.h; name = PSMUnifiedTabStyle.h; path = PSMTabBarControl/source/PSMUnifiedTabStyle.h; sourceTree = "<group>"; };
		FF351CF80C0629A000F436BE /* PSMUnifiedTabStyle.m */ = {isa = PBXFileReference; fileEncoding = 30; lastKnownFileType = sourcecode.c.objc; name = PSMUnifiedTabStyle.m; path = PSMTabBarControl/source/PSMUnifiedTabStyle.m; sourceTree = "<group>"; };
		FF351D150C0629B200F436BE /* 32x32_log.tiff */ = {isa = PBXFileReference; lastKnownFileType = image.tiff; name = 32x32_log.tiff; path = PSMTabBarControl/images/32x32_log.tiff; sourceTree = "<group>"; };
		FF351D160C0629B200F436BE /* 32x32cancel.png */ = {isa = PBXFileReference; lastKnownFileType = image.png; name = 32x32cancel.png; path = PSMTabBarControl/images/32x32cancel.png; sourceTree = "<group>"; };
		FF351D170C0629B200F436BE /* AquaTabClose_Front_Pressed.tif */ = {isa = PBXFileReference; lastKnownFileType = image.tiff; name = AquaTabClose_Front_Pressed.tif; path = PSMTabBarControl/images/AquaTabClose_Front_Pressed.tif; sourceTree = "<group>"; };
		FF351D180C0629B200F436BE /* AquaTabClose_Front_Rollover.tif */ = {isa = PBXFileReference; lastKnownFileType = image.tiff; name = AquaTabClose_Front_Rollover.tif; path = PSMTabBarControl/images/AquaTabClose_Front_Rollover.tif; sourceTree = "<group>"; };
		FF351D190C0629B200F436BE /* AquaTabClose_Front.tif */ = {isa = PBXFileReference; lastKnownFileType = image.tiff; name = AquaTabClose_Front.tif; path = PSMTabBarControl/images/AquaTabClose_Front.tif; sourceTree = "<group>"; };
		FF351D1A0C0629B200F436BE /* AquaTabNew.png */ = {isa = PBXFileReference; lastKnownFileType = image.png; name = AquaTabNew.png; path = PSMTabBarControl/images/AquaTabNew.png; sourceTree = "<group>"; };
		FF351D1B0C0629B200F436BE /* AquaTabNewPressed.png */ = {isa = PBXFileReference; lastKnownFileType = image.png; name = AquaTabNewPressed.png; path = PSMTabBarControl/images/AquaTabNewPressed.png; sourceTree = "<group>"; };
		FF351D1C0C0629B200F436BE /* AquaTabNewRollover.png */ = {isa = PBXFileReference; lastKnownFileType = image.png; name = AquaTabNewRollover.png; path = PSMTabBarControl/images/AquaTabNewRollover.png; sourceTree = "<group>"; };
		FF351D1D0C0629B200F436BE /* AquaTabsBackground.png */ = {isa = PBXFileReference; lastKnownFileType = image.png; name = AquaTabsBackground.png; path = PSMTabBarControl/images/AquaTabsBackground.png; sourceTree = "<group>"; };
		FF351D1E0C0629B200F436BE /* AquaTabsDown.png */ = {isa = PBXFileReference; lastKnownFileType = image.png; name = AquaTabsDown.png; path = PSMTabBarControl/images/AquaTabsDown.png; sourceTree = "<group>"; };
		FF351D1F0C0629B200F436BE /* AquaTabsDownGraphite.png */ = {isa = PBXFileReference; lastKnownFileType = image.png; name = AquaTabsDownGraphite.png; path = PSMTabBarControl/images/AquaTabsDownGraphite.png; sourceTree = "<group>"; };
		FF351D200C0629B200F436BE /* AquaTabsDownNonKey.png */ = {isa = PBXFileReference; lastKnownFileType = image.png; name = AquaTabsDownNonKey.png; path = PSMTabBarControl/images/AquaTabsDownNonKey.png; sourceTree = "<group>"; };
		FF351D210C0629B200F436BE /* AquaTabsSeparator.png */ = {isa = PBXFileReference; lastKnownFileType = image.png; name = AquaTabsSeparator.png; path = PSMTabBarControl/images/AquaTabsSeparator.png; sourceTree = "<group>"; };
		FF351D220C0629B200F436BE /* AquaTabsSeparatorDown.png */ = {isa = PBXFileReference; lastKnownFileType = image.png; name = AquaTabsSeparatorDown.png; path = PSMTabBarControl/images/AquaTabsSeparatorDown.png; sourceTree = "<group>"; };
		FF351D230C0629B200F436BE /* Folder.tif */ = {isa = PBXFileReference; lastKnownFileType = image.tiff; name = Folder.tif; path = PSMTabBarControl/images/Folder.tif; sourceTree = "<group>"; };
		FF351D240C0629B200F436BE /* Globe.tiff */ = {isa = PBXFileReference; lastKnownFileType = image.tiff; name = Globe.tiff; path = PSMTabBarControl/images/Globe.tiff; sourceTree = "<group>"; };
		FF351D250C0629B200F436BE /* overflowImage.tiff */ = {isa = PBXFileReference; lastKnownFileType = image.tiff; name = overflowImage.tiff; path = PSMTabBarControl/images/overflowImage.tiff; sourceTree = "<group>"; };
		FF351D260C0629B200F436BE /* overflowImagePressed.tif */ = {isa = PBXFileReference; lastKnownFileType = image.tiff; name = overflowImagePressed.tif; path = PSMTabBarControl/images/overflowImagePressed.tif; sourceTree = "<group>"; };
		FF351D270C0629B200F436BE /* pi.png */ = {isa = PBXFileReference; lastKnownFileType = image.png; name = pi.png; path = PSMTabBarControl/images/pi.png; sourceTree = "<group>"; };
		FF351D280C0629B200F436BE /* TabClose_Front_Pressed.tif */ = {isa = PBXFileReference; lastKnownFileType = image.tiff; name = TabClose_Front_Pressed.tif; path = PSMTabBarControl/images/TabClose_Front_Pressed.tif; sourceTree = "<group>"; };
		FF351D290C0629B200F436BE /* TabClose_Front_Rollover.tif */ = {isa = PBXFileReference; lastKnownFileType = image.tiff; name = TabClose_Front_Rollover.tif; path = PSMTabBarControl/images/TabClose_Front_Rollover.tif; sourceTree = "<group>"; };
		FF351D2A0C0629B200F436BE /* TabClose_Front.tif */ = {isa = PBXFileReference; lastKnownFileType = image.tiff; name = TabClose_Front.tif; path = PSMTabBarControl/images/TabClose_Front.tif; sourceTree = "<group>"; };
		FF351D2B0C0629B200F436BE /* TabControlRep.tif */ = {isa = PBXFileReference; lastKnownFileType = image.tiff; name = TabControlRep.tif; path = PSMTabBarControl/images/TabControlRep.tif; sourceTree = "<group>"; };
		FF351D2C0C0629B200F436BE /* TabIcon.tif */ = {isa = PBXFileReference; lastKnownFileType = image.tiff; name = TabIcon.tif; path = PSMTabBarControl/images/TabIcon.tif; sourceTree = "<group>"; };
		FF351D2D0C0629B200F436BE /* TabNewMetal.png */ = {isa = PBXFileReference; lastKnownFileType = image.png; name = TabNewMetal.png; path = PSMTabBarControl/images/TabNewMetal.png; sourceTree = "<group>"; };
		FF351D2E0C0629B200F436BE /* TabNewMetalPressed.png */ = {isa = PBXFileReference; lastKnownFileType = image.png; name = TabNewMetalPressed.png; path = PSMTabBarControl/images/TabNewMetalPressed.png; sourceTree = "<group>"; };
		FF351D2F0C0629B200F436BE /* TabNewMetalRollover.png */ = {isa = PBXFileReference; lastKnownFileType = image.png; name = TabNewMetalRollover.png; path = PSMTabBarControl/images/TabNewMetalRollover.png; sourceTree = "<group>"; };
		FF351D300C0629B200F436BE /* Warning.png */ = {isa = PBXFileReference; lastKnownFileType = image.png; name = Warning.png; path = PSMTabBarControl/images/Warning.png; sourceTree = "<group>"; };
		FF3CEEF70A57050C00FA9F86 /* RBSplitSubview.h */ = {isa = PBXFileReference; fileEncoding = 30; lastKnownFileType = sourcecode.c.h; name = RBSplitSubview.h; path = "Nested View System/RBSplitSubview.h"; sourceTree = "<group>"; };
		FF3CEEF80A57050C00FA9F86 /* RBSplitSubview.m */ = {isa = PBXFileReference; fileEncoding = 30; lastKnownFileType = sourcecode.c.objc; name = RBSplitSubview.m; path = "Nested View System/RBSplitSubview.m"; sourceTree = "<group>"; };
		FF3CEEF90A57050C00FA9F86 /* RBSplitView.h */ = {isa = PBXFileReference; fileEncoding = 30; lastKnownFileType = sourcecode.c.h; name = RBSplitView.h; path = "Nested View System/RBSplitView.h"; sourceTree = "<group>"; };
		FF3CEEFA0A57050C00FA9F86 /* RBSplitView.m */ = {isa = PBXFileReference; fileEncoding = 30; lastKnownFileType = sourcecode.c.objc; name = RBSplitView.m; path = "Nested View System/RBSplitView.m"; sourceTree = "<group>"; };
		FF3CEEFB0A57050C00FA9F86 /* RBSplitViewPrivateDefines.h */ = {isa = PBXFileReference; fileEncoding = 30; lastKnownFileType = sourcecode.c.h; name = RBSplitViewPrivateDefines.h; path = "Nested View System/RBSplitViewPrivateDefines.h"; sourceTree = "<group>"; };
		FF3CF0160A570C5B00FA9F86 /* Drag.png */ = {isa = PBXFileReference; lastKnownFileType = image.png; name = Drag.png; path = "Nested View System/Images/Drag.png"; sourceTree = "<group>"; };
		FF3CF10B0A57179900FA9F86 /* Thumb8.png */ = {isa = PBXFileReference; lastKnownFileType = image.png; name = Thumb8.png; path = "Nested View System/Images/Thumb8.png"; sourceTree = "<group>"; };
		FF3CF10C0A57179900FA9F86 /* Thumb9.png */ = {isa = PBXFileReference; lastKnownFileType = image.png; name = Thumb9.png; path = "Nested View System/Images/Thumb9.png"; sourceTree = "<group>"; };
		FF47699F0C93670200BE7886 /* RDNestedTabBarView.h */ = {isa = PBXFileReference; fileEncoding = 4; lastKnownFileType = sourcecode.c.h; name = RDNestedTabBarView.h; path = "Nested View System/RDNestedTabBarView.h"; sourceTree = "<group>"; };
		FF4769A00C93670200BE7886 /* RDNestedTabBarView.m */ = {isa = PBXFileReference; fileEncoding = 4; lastKnownFileType = sourcecode.c.objc; name = RDNestedTabBarView.m; path = "Nested View System/RDNestedTabBarView.m"; sourceTree = "<group>"; };
		FF99ADAB0C2B6317005F1FF9 /* folder.png */ = {isa = PBXFileReference; lastKnownFileType = image.png; name = folder.png; path = "Nested View System/Images/folder.png"; sourceTree = "<group>"; };
		FF99AE780C2B6FD4005F1FF9 /* RDSourceListCell.h */ = {isa = PBXFileReference; fileEncoding = 4; lastKnownFileType = sourcecode.c.h; name = RDSourceListCell.h; path = "Nested View System/RDSourceListCell.h"; sourceTree = "<group>"; };
		FF99AE790C2B6FD4005F1FF9 /* RDSourceListCell.m */ = {isa = PBXFileReference; fileEncoding = 4; lastKnownFileType = sourcecode.c.objc; name = RDSourceListCell.m; path = "Nested View System/RDSourceListCell.m"; sourceTree = "<group>"; };
		FF99AED10C2BA45E005F1FF9 /* RDNestedSourceView.h */ = {isa = PBXFileReference; fileEncoding = 4; lastKnownFileType = sourcecode.c.h; name = RDNestedSourceView.h; path = "Nested View System/RDNestedSourceView.h"; sourceTree = "<group>"; };
		FF99AED20C2BA45E005F1FF9 /* RDNestedSourceView.m */ = {isa = PBXFileReference; fileEncoding = 4; lastKnownFileType = sourcecode.c.objc; name = RDNestedSourceView.m; path = "Nested View System/RDNestedSourceView.m"; sourceTree = "<group>"; };
		FFADDE3A0C93C84900BE1C92 /* PSMAdiumTabStyle.h */ = {isa = PBXFileReference; fileEncoding = 30; lastKnownFileType = sourcecode.c.h; name = PSMAdiumTabStyle.h; path = PSMTabBarControl/source/PSMAdiumTabStyle.h; sourceTree = "<group>"; };
		FFADDE3B0C93C84900BE1C92 /* PSMAdiumTabStyle.m */ = {isa = PBXFileReference; fileEncoding = 30; lastKnownFileType = sourcecode.c.objc; name = PSMAdiumTabStyle.m; path = PSMTabBarControl/source/PSMAdiumTabStyle.m; sourceTree = "<group>"; };
		FFADDE3C0C93C84900BE1C92 /* PSMTabDragWindow.h */ = {isa = PBXFileReference; fileEncoding = 30; lastKnownFileType = sourcecode.c.h; name = PSMTabDragWindow.h; path = PSMTabBarControl/source/PSMTabDragWindow.h; sourceTree = "<group>"; };
		FFADDE3D0C93C84900BE1C92 /* PSMTabDragWindow.m */ = {isa = PBXFileReference; fileEncoding = 30; lastKnownFileType = sourcecode.c.objc; name = PSMTabDragWindow.m; path = PSMTabBarControl/source/PSMTabDragWindow.m; sourceTree = "<group>"; };
		FFC71C7909AEF12600726AF4 /* RDChainedListButton.h */ = {isa = PBXFileReference; fileEncoding = 30; lastKnownFileType = sourcecode.c.h; name = RDChainedListButton.h; path = "Chained List System/RDChainedListButton.h"; sourceTree = "<group>"; };
		FFC71C7A09AEF12600726AF4 /* RDChainedListButton.m */ = {isa = PBXFileReference; fileEncoding = 30; lastKnownFileType = sourcecode.c.objc; name = RDChainedListButton.m; path = "Chained List System/RDChainedListButton.m"; sourceTree = "<group>"; };
		FFCBDAB80CD46CD6009341CB /* RDLayoutManager.h */ = {isa = PBXFileReference; fileEncoding = 4; lastKnownFileType = sourcecode.c.h; name = RDLayoutManager.h; path = "Text Handling/RDLayoutManager.h"; sourceTree = "<group>"; };
		FFCBDAB90CD46CD6009341CB /* RDLayoutManager.m */ = {isa = PBXFileReference; fileEncoding = 4; lastKnownFileType = sourcecode.c.objc; name = RDLayoutManager.m; path = "Text Handling/RDLayoutManager.m"; sourceTree = "<group>"; };
		FFDC377A0C028EFC008790F5 /* Action_Pressed.tif */ = {isa = PBXFileReference; lastKnownFileType = image.tiff; name = Action_Pressed.tif; path = RSControls/Action_Pressed.tif; sourceTree = "<group>"; };
		FFDC377B0C028EFC008790F5 /* Action.tif */ = {isa = PBXFileReference; lastKnownFileType = image.tiff; name = Action.tif; path = RSControls/Action.tif; sourceTree = "<group>"; };
		FFDC377C0C028EFC008790F5 /* RotateLeft.tif */ = {isa = PBXFileReference; lastKnownFileType = image.tiff; name = RotateLeft.tif; path = RSControls/RotateLeft.tif; sourceTree = "<group>"; };
		FFDC377D0C028EFC008790F5 /* RotateRight.tif */ = {isa = PBXFileReference; lastKnownFileType = image.tiff; name = RotateRight.tif; path = RSControls/RotateRight.tif; sourceTree = "<group>"; };
		FFDC377E0C028EFC008790F5 /* RSActionPopUpButton.h */ = {isa = PBXFileReference; fileEncoding = 30; lastKnownFileType = sourcecode.c.h; name = RSActionPopUpButton.h; path = RSControls/RSActionPopUpButton.h; sourceTree = "<group>"; };
		FFDC377F0C028EFC008790F5 /* RSActionPopUpButton.mm */ = {isa = PBXFileReference; fileEncoding = 30; lastKnownFileType = sourcecode.cpp.objcpp; name = RSActionPopUpButton.mm; path = RSControls/RSActionPopUpButton.mm; sourceTree = "<group>"; };
		FFDC37800C028EFC008790F5 /* RSActionPopUpButtonCell.h */ = {isa = PBXFileReference; fileEncoding = 30; lastKnownFileType = sourcecode.c.h; name = RSActionPopUpButtonCell.h; path = RSControls/RSActionPopUpButtonCell.h; sourceTree = "<group>"; };
		FFDC37810C028EFC008790F5 /* RSActionPopUpButtonCell.mm */ = {isa = PBXFileReference; fileEncoding = 30; lastKnownFileType = sourcecode.cpp.objcpp; name = RSActionPopUpButtonCell.mm; path = RSControls/RSActionPopUpButtonCell.mm; sourceTree = "<group>"; };
		FFDC37820C028EFC008790F5 /* RSButton.tif */ = {isa = PBXFileReference; lastKnownFileType = image.tiff; name = RSButton.tif; path = RSControls/RSButton.tif; sourceTree = "<group>"; };
		FFDC37850C028EFC008790F5 /* RSGradientSquareButton.h */ = {isa = PBXFileReference; fileEncoding = 30; lastKnownFileType = sourcecode.c.h; name = RSGradientSquareButton.h; path = RSControls/RSGradientSquareButton.h; sourceTree = "<group>"; };
		FFDC37860C028EFC008790F5 /* RSGradientSquareButton.mm */ = {isa = PBXFileReference; fileEncoding = 30; lastKnownFileType = sourcecode.cpp.objcpp; name = RSGradientSquareButton.mm; path = RSControls/RSGradientSquareButton.mm; sourceTree = "<group>"; };
		FFDC37870C028EFC008790F5 /* RSGradientSquareButtonCell.h */ = {isa = PBXFileReference; fileEncoding = 30; lastKnownFileType = sourcecode.c.h; name = RSGradientSquareButtonCell.h; path = RSControls/RSGradientSquareButtonCell.h; sourceTree = "<group>"; };
		FFDC37880C028EFC008790F5 /* RSGradientSquareButtonCell.mm */ = {isa = PBXFileReference; fileEncoding = 30; lastKnownFileType = sourcecode.cpp.objcpp; name = RSGradientSquareButtonCell.mm; path = RSControls/RSGradientSquareButtonCell.mm; sourceTree = "<group>"; };
		FFDC378B0C028EFC008790F5 /* RSLinearAxialShading.h */ = {isa = PBXFileReference; fileEncoding = 30; lastKnownFileType = sourcecode.c.h; name = RSLinearAxialShading.h; path = RSControls/RSLinearAxialShading.h; sourceTree = "<group>"; };
		FFDC378C0C028EFC008790F5 /* RSLinearAxialShading.mm */ = {isa = PBXFileReference; fileEncoding = 30; lastKnownFileType = sourcecode.cpp.objcpp; name = RSLinearAxialShading.mm; path = RSControls/RSLinearAxialShading.mm; sourceTree = "<group>"; };
		FFDC378D0C028EFC008790F5 /* RSStepperButton.h */ = {isa = PBXFileReference; fileEncoding = 30; lastKnownFileType = sourcecode.c.h; name = RSStepperButton.h; path = RSControls/RSStepperButton.h; sourceTree = "<group>"; };
		FFDC378E0C028EFC008790F5 /* RSStepperButton.mm */ = {isa = PBXFileReference; fileEncoding = 30; lastKnownFileType = sourcecode.cpp.objcpp; name = RSStepperButton.mm; path = RSControls/RSStepperButton.mm; sourceTree = "<group>"; };
		FFEC1F9309A7D68800B59E48 /* RDChainedListItem.h */ = {isa = PBXFileReference; fileEncoding = 30; lastKnownFileType = sourcecode.c.h; name = RDChainedListItem.h; path = "Chained List System/RDChainedListItem.h"; sourceTree = "<group>"; };
		FFEC1F9409A7D68800B59E48 /* RDChainedListItem.m */ = {isa = PBXFileReference; fileEncoding = 30; lastKnownFileType = sourcecode.c.objc; name = RDChainedListItem.m; path = "Chained List System/RDChainedListItem.m"; sourceTree = "<group>"; };
		FFEC1F9509A7D68800B59E48 /* RDChainedListItemContent.h */ = {isa = PBXFileReference; fileEncoding = 30; lastKnownFileType = sourcecode.c.h; name = RDChainedListItemContent.h; path = "Chained List System/RDChainedListItemContent.h"; sourceTree = "<group>"; };
		FFEC1F9609A7D68800B59E48 /* RDChainedListItemContent.m */ = {isa = PBXFileReference; fileEncoding = 30; lastKnownFileType = sourcecode.c.objc; name = RDChainedListItemContent.m; path = "Chained List System/RDChainedListItemContent.m"; sourceTree = "<group>"; };
		FFEC1F9709A7D68800B59E48 /* RDChainedListView.h */ = {isa = PBXFileReference; fileEncoding = 30; lastKnownFileType = sourcecode.c.h; name = RDChainedListView.h; path = "Chained List System/RDChainedListView.h"; sourceTree = "<group>"; };
		FFEC1F9809A7D68800B59E48 /* RDChainedListView.m */ = {isa = PBXFileReference; fileEncoding = 30; lastKnownFileType = sourcecode.c.objc; name = RDChainedListView.m; path = "Chained List System/RDChainedListView.m"; sourceTree = "<group>"; };
		FFED5A4A096CD74D003EFECE /* RDScrollView.h */ = {isa = PBXFileReference; fileEncoding = 30; lastKnownFileType = sourcecode.c.h; name = RDScrollView.h; path = "Text Handling/RDScrollView.h"; sourceTree = "<group>"; };
		FFED5A4B096CD74D003EFECE /* RDScrollView.m */ = {isa = PBXFileReference; fileEncoding = 30; lastKnownFileType = sourcecode.c.objc; name = RDScrollView.m; path = "Text Handling/RDScrollView.m"; sourceTree = "<group>"; };
		FFED5A4C096CD74D003EFECE /* RDTextView.h */ = {isa = PBXFileReference; fileEncoding = 30; lastKnownFileType = sourcecode.c.h; name = RDTextView.h; path = "Text Handling/RDTextView.h"; sourceTree = "<group>"; };
		FFED5A4D096CD74D003EFECE /* RDTextView.m */ = {isa = PBXFileReference; fileEncoding = 4; lastKnownFileType = sourcecode.c.objc; name = RDTextView.m; path = "Text Handling/RDTextView.m"; sourceTree = "<group>"; };
		FFFB7B4C0999F01B002D2572 /* Lemuria.h */ = {isa = PBXFileReference; fileEncoding = 30; lastKnownFileType = sourcecode.c.h; path = Lemuria.h; sourceTree = "<group>"; };
/* End PBXFileReference section */

/* Begin PBXFrameworksBuildPhase section */
		8DC2EF560486A6940098B216 /* Frameworks */ = {
			isa = PBXFrameworksBuildPhase;
			buildActionMask = 2147483647;
			files = (
				8DC2EF570486A6940098B216 /* Cocoa.framework in Frameworks */,
			);
			runOnlyForDeploymentPostprocessing = 0;
		};
/* End PBXFrameworksBuildPhase section */

/* Begin PBXGroup section */
		034768DFFF38A50411DB9C8B /* Products */ = {
			isa = PBXGroup;
			children = (
				8DC2EF5B0486A6940098B216 /* Lemuria.framework */,
			);
			name = Products;
			sourceTree = "<group>";
		};
		0867D691FE84028FC02AAC07 /* Lemuria */ = {
			isa = PBXGroup;
			children = (
				FFFB7B4C0999F01B002D2572 /* Lemuria.h */,
				08FB77AEFE84172EC02AAC07 /* Classes */,
				32C88DFF0371C24200C91783 /* Other Sources */,
				089C1665FE841158C02AAC07 /* Resources */,
				0867D69AFE84028FC02AAC07 /* External Frameworks and Libraries */,
				034768DFFF38A50411DB9C8B /* Products */,
			);
			name = Lemuria;
			sourceTree = "<group>";
		};
		0867D69AFE84028FC02AAC07 /* External Frameworks and Libraries */ = {
			isa = PBXGroup;
			children = (
				1058C7B0FEA5585E11CA2CBB /* Linked Frameworks */,
				1058C7B2FEA5585E11CA2CBB /* Other Frameworks */,
			);
			name = "External Frameworks and Libraries";
			sourceTree = "<group>";
		};
		089C1665FE841158C02AAC07 /* Resources */ = {
			isa = PBXGroup;
			children = (
				8DC2EF5A0486A6940098B216 /* Info.plist */,
				089C1666FE841158C02AAC07 /* InfoPlist.strings */,
			);
			name = Resources;
			sourceTree = "<group>";
		};
		08FB77AEFE84172EC02AAC07 /* Classes */ = {
			isa = PBXGroup;
			children = (
				FF351CCA0C06292800F436BE /* PSMTabBarControl */,
				FFDC37790C028EDF008790F5 /* RSControls */,
				FFEC1F8809A7D61800B59E48 /* Chained List */,
				FFED5A54096CD770003EFECE /* Nesting Windows */,
				FFED5A53096CD75C003EFECE /* Text Handling */,
			);
			name = Classes;
			sourceTree = "<group>";
		};
		1058C7B0FEA5585E11CA2CBB /* Linked Frameworks */ = {
			isa = PBXGroup;
			children = (
				1058C7B1FEA5585E11CA2CBB /* Cocoa.framework */,
			);
			name = "Linked Frameworks";
			sourceTree = "<group>";
		};
		1058C7B2FEA5585E11CA2CBB /* Other Frameworks */ = {
			isa = PBXGroup;
			children = (
				0867D6A5FE840307C02AAC07 /* AppKit.framework */,
				D2F7E79907B2D74100F64583 /* CoreData.framework */,
				0867D69BFE84028FC02AAC07 /* Foundation.framework */,
			);
			name = "Other Frameworks";
			sourceTree = "<group>";
		};
		32C88DFF0371C24200C91783 /* Other Sources */ = {
			isa = PBXGroup;
			children = (
				32DBCF5E0370ADEE00C91783 /* Lemuria_Prefix.pch */,
			);
			name = "Other Sources";
			sourceTree = "<group>";
		};
		FF21CDDC0999CC230029EC72 /* Resources */ = {
			isa = PBXGroup;
			children = (
				FF99ADAB0C2B6317005F1FF9 /* folder.png */,
				FF3CF10B0A57179900FA9F86 /* Thumb8.png */,
				FF3CF10C0A57179900FA9F86 /* Thumb9.png */,
				FF3CF0160A570C5B00FA9F86 /* Drag.png */,
				FF21CDDD0999CC3E0029EC72 /* close.tif */,
				FF21CDDE0999CC3E0029EC72 /* closePressed.tif */,
				FF21CDDF0999CC3E0029EC72 /* redlight.tiff */,
				FF21CDE00999CC3E0029EC72 /* whitelight.tif */,
				FF21CDE10999CC3E0029EC72 /* window.tif */,
				FF21CDE20999CC3E0029EC72 /* yellowlight.tif */,
				FF21CDDA0999CC1B0029EC72 /* sheetinfo.strings */,
			);
			name = Resources;
			sourceTree = "<group>";
		};
		FF21CE050999CC560029EC72 /* Categories and Extensions */ = {
			isa = PBXGroup;
			children = (
				FF21CDE90999CC4F0029EC72 /* NSApplicationWindowAtPoint.h */,
				FF21CDEA0999CC4F0029EC72 /* NSApplicationWindowAtPoint.m */,
			);
			name = "Categories and Extensions";
			sourceTree = "<group>";
		};
		FF21CE060999CC670029EC72 /* Protocols */ = {
			isa = PBXGroup;
			children = (
				FF21CDEF0999CC4F0029EC72 /* RDNestedViewDescriptor.h */,
				FF21CDF00999CC4F0029EC72 /* RDNestedViewDisplay.h */,
			);
			name = Protocols;
			sourceTree = "<group>";
		};
		FF21CE070999CC8B0029EC72 /* Display Classes */ = {
			isa = PBXGroup;
			children = (
				FF47699F0C93670200BE7886 /* RDNestedTabBarView.h */,
				FF4769A00C93670200BE7886 /* RDNestedTabBarView.m */,
				FF2BC71D0A57B9CA001AF02B /* RDNestedTabView.h */,
				FF2BC71E0A57B9CA001AF02B /* RDNestedTabView.m */,
				FF21CDEB0999CC4F0029EC72 /* RDNestedOutlineView.h */,
				FF21CDEC0999CC4F0029EC72 /* RDNestedOutlineView.m */,
				FF99AED10C2BA45E005F1FF9 /* RDNestedSourceView.h */,
				FF99AED20C2BA45E005F1FF9 /* RDNestedSourceView.m */,
			);
			name = "Display Classes";
			sourceTree = "<group>";
		};
		FF21CE080999CCAF0029EC72 /* Concrete Classes */ = {
			isa = PBXGroup;
			children = (
				FF21CDED0999CC4F0029EC72 /* RDNestedViewCollection.h */,
				FF21CDEE0999CC4F0029EC72 /* RDNestedViewCollection.m */,
				FF21CDF10999CC4F0029EC72 /* RDNestedViewManager.h */,
				FF21CDF20999CC4F0029EC72 /* RDNestedViewManager.m */,
				FF21CDF30999CC4F0029EC72 /* RDNestedViewWindow.h */,
				FF21CDF40999CC4F0029EC72 /* RDNestedViewWindow.m */,
				FF21CDF50999CC4F0029EC72 /* RDOutlineView.h */,
				FF21CDF60999CC4F0029EC72 /* RDOutlineView.m */,
				FF2BC98C0A58D87C001AF02B /* RDTabViewItem.h */,
				FF2BC98D0A58D87C001AF02B /* RDTabViewItem.m */,
				FF99AE780C2B6FD4005F1FF9 /* RDSourceListCell.h */,
				FF99AE790C2B6FD4005F1FF9 /* RDSourceListCell.m */,
			);
			name = "Concrete Classes";
			sourceTree = "<group>";
		};
		FF351CCA0C06292800F436BE /* PSMTabBarControl */ = {
			isa = PBXGroup;
			children = (
				53C9E69B20AA863D0039E316 /* PTYTabView.h */,
				53C9E69C20AA863D0039E316 /* PTYTabView.m */,
				FFADDE3A0C93C84900BE1C92 /* PSMAdiumTabStyle.h */,
				FFADDE3B0C93C84900BE1C92 /* PSMAdiumTabStyle.m */,
				FFADDE3C0C93C84900BE1C92 /* PSMTabDragWindow.h */,
				FFADDE3D0C93C84900BE1C92 /* PSMTabDragWindow.m */,
				FF351D150C0629B200F436BE /* 32x32_log.tiff */,
				FF351D160C0629B200F436BE /* 32x32cancel.png */,
				FF351D170C0629B200F436BE /* AquaTabClose_Front_Pressed.tif */,
				FF351D180C0629B200F436BE /* AquaTabClose_Front_Rollover.tif */,
				FF351D190C0629B200F436BE /* AquaTabClose_Front.tif */,
				FF351D1A0C0629B200F436BE /* AquaTabNew.png */,
				FF351D1B0C0629B200F436BE /* AquaTabNewPressed.png */,
				FF351D1C0C0629B200F436BE /* AquaTabNewRollover.png */,
				FF351D1D0C0629B200F436BE /* AquaTabsBackground.png */,
				FF351D1E0C0629B200F436BE /* AquaTabsDown.png */,
				FF351D1F0C0629B200F436BE /* AquaTabsDownGraphite.png */,
				FF351D200C0629B200F436BE /* AquaTabsDownNonKey.png */,
				FF351D210C0629B200F436BE /* AquaTabsSeparator.png */,
				FF351D220C0629B200F436BE /* AquaTabsSeparatorDown.png */,
				FF351D230C0629B200F436BE /* Folder.tif */,
				FF351D240C0629B200F436BE /* Globe.tiff */,
				FF351D250C0629B200F436BE /* overflowImage.tiff */,
				FF351D260C0629B200F436BE /* overflowImagePressed.tif */,
				FF351D270C0629B200F436BE /* pi.png */,
				FF351D280C0629B200F436BE /* TabClose_Front_Pressed.tif */,
				FF351D290C0629B200F436BE /* TabClose_Front_Rollover.tif */,
				FF351D2A0C0629B200F436BE /* TabClose_Front.tif */,
				FF351D2B0C0629B200F436BE /* TabControlRep.tif */,
				FF351D2C0C0629B200F436BE /* TabIcon.tif */,
				FF351D2D0C0629B200F436BE /* TabNewMetal.png */,
				FF351D2E0C0629B200F436BE /* TabNewMetalPressed.png */,
				FF351D2F0C0629B200F436BE /* TabNewMetalRollover.png */,
				FF351D300C0629B200F436BE /* Warning.png */,
				FF351CDD0C0629A000F436BE /* NSBezierPath_AMShading.h */,
				FF351CDE0C0629A000F436BE /* NSBezierPath_AMShading.m */,
				FF351CDF0C0629A000F436BE /* PSMAquaTabStyle.h */,
				FF351CE00C0629A000F436BE /* PSMAquaTabStyle.m */,
				FF351CE10C0629A000F436BE /* PSMMetalTabStyle.h */,
				FF351CE20C0629A000F436BE /* PSMMetalTabStyle.m */,
				FF351CE30C0629A000F436BE /* PSMOverflowPopUpButton.h */,
				FF351CE50C0629A000F436BE /* PSMOverflowPopUpButton.m */,
				FF351CE70C0629A000F436BE /* PSMProgressIndicator.h */,
				FF351CE80C0629A000F436BE /* PSMProgressIndicator.m */,
				FF351CE90C0629A000F436BE /* PSMRolloverButton.h */,
				FF351CEA0C0629A000F436BE /* PSMRolloverButton.m */,
				FF351CEB0C0629A000F436BE /* PSMTabBarCell.h */,
				FF351CEC0C0629A000F436BE /* PSMTabBarCell.m */,
				FF351CEE0C0629A000F436BE /* PSMTabBarControl.h */,
				FF351CEF0C0629A000F436BE /* PSMTabBarControl.m */,
				FF351CF40C0629A000F436BE /* PSMTabDragAssistant.h */,
				FF351CF50C0629A000F436BE /* PSMTabDragAssistant.m */,
				FF351CF60C0629A000F436BE /* PSMTabStyle.h */,
				FF351CF70C0629A000F436BE /* PSMUnifiedTabStyle.h */,
				FF351CF80C0629A000F436BE /* PSMUnifiedTabStyle.m */,
			);
			name = PSMTabBarControl;
			sourceTree = "<group>";
		};
		FF3CEEC80A5700BE00FA9F86 /* Split View */ = {
			isa = PBXGroup;
			children = (
				FF3CEEF70A57050C00FA9F86 /* RBSplitSubview.h */,
				FF3CEEF80A57050C00FA9F86 /* RBSplitSubview.m */,
				FF3CEEF90A57050C00FA9F86 /* RBSplitView.h */,
				FF3CEEFA0A57050C00FA9F86 /* RBSplitView.m */,
				FF3CEEFB0A57050C00FA9F86 /* RBSplitViewPrivateDefines.h */,
			);
			name = "Split View";
			sourceTree = "<group>";
		};
		FFDC37790C028EDF008790F5 /* RSControls */ = {
			isa = PBXGroup;
			children = (
				FFDC377A0C028EFC008790F5 /* Action_Pressed.tif */,
				FFDC377B0C028EFC008790F5 /* Action.tif */,
				FFDC377C0C028EFC008790F5 /* RotateLeft.tif */,
				FFDC377D0C028EFC008790F5 /* RotateRight.tif */,
				FFDC377E0C028EFC008790F5 /* RSActionPopUpButton.h */,
				FFDC377F0C028EFC008790F5 /* RSActionPopUpButton.mm */,
				FFDC37800C028EFC008790F5 /* RSActionPopUpButtonCell.h */,
				FFDC37810C028EFC008790F5 /* RSActionPopUpButtonCell.mm */,
				FFDC37820C028EFC008790F5 /* RSButton.tif */,
				FFDC37850C028EFC008790F5 /* RSGradientSquareButton.h */,
				FFDC37860C028EFC008790F5 /* RSGradientSquareButton.mm */,
				FFDC37870C028EFC008790F5 /* RSGradientSquareButtonCell.h */,
				FFDC37880C028EFC008790F5 /* RSGradientSquareButtonCell.mm */,
				FFDC378B0C028EFC008790F5 /* RSLinearAxialShading.h */,
				FFDC378C0C028EFC008790F5 /* RSLinearAxialShading.mm */,
				FFDC378D0C028EFC008790F5 /* RSStepperButton.h */,
				FFDC378E0C028EFC008790F5 /* RSStepperButton.mm */,
			);
			name = RSControls;
			sourceTree = "<group>";
		};
		FFEC1F8809A7D61800B59E48 /* Chained List */ = {
			isa = PBXGroup;
			children = (
				FFC71C7909AEF12600726AF4 /* RDChainedListButton.h */,
				FFC71C7A09AEF12600726AF4 /* RDChainedListButton.m */,
				FFEC1F9309A7D68800B59E48 /* RDChainedListItem.h */,
				FFEC1F9409A7D68800B59E48 /* RDChainedListItem.m */,
				FFEC1F9509A7D68800B59E48 /* RDChainedListItemContent.h */,
				FFEC1F9609A7D68800B59E48 /* RDChainedListItemContent.m */,
				FFEC1F9709A7D68800B59E48 /* RDChainedListView.h */,
				FFEC1F9809A7D68800B59E48 /* RDChainedListView.m */,
			);
			name = "Chained List";
			sourceTree = "<group>";
		};
		FFED5A53096CD75C003EFECE /* Text Handling */ = {
			isa = PBXGroup;
			children = (
				FFED5A4A096CD74D003EFECE /* RDScrollView.h */,
				FFED5A4B096CD74D003EFECE /* RDScrollView.m */,
				FFED5A4C096CD74D003EFECE /* RDTextView.h */,
				FFED5A4D096CD74D003EFECE /* RDTextView.m */,
				FFCBDAB80CD46CD6009341CB /* RDLayoutManager.h */,
				FFCBDAB90CD46CD6009341CB /* RDLayoutManager.m */,
			);
			name = "Text Handling";
			sourceTree = "<group>";
		};
		FFED5A54096CD770003EFECE /* Nesting Windows */ = {
			isa = PBXGroup;
			children = (
				FF3CEEC80A5700BE00FA9F86 /* Split View */,
				FF21CE080999CCAF0029EC72 /* Concrete Classes */,
				FF21CE070999CC8B0029EC72 /* Display Classes */,
				FF21CE060999CC670029EC72 /* Protocols */,
				FF21CE050999CC560029EC72 /* Categories and Extensions */,
				FF21CDDC0999CC230029EC72 /* Resources */,
			);
			name = "Nesting Windows";
			sourceTree = "<group>";
		};
/* End PBXGroup section */

/* Begin PBXHeadersBuildPhase section */
		8DC2EF500486A6940098B216 /* Headers */ = {
			isa = PBXHeadersBuildPhase;
			buildActionMask = 2147483647;
			files = (
				FFED5A4E096CD74D003EFECE /* RDScrollView.h in Headers */,
				FFED5A50096CD74D003EFECE /* RDTextView.h in Headers */,
				FF21CDF70999CC4F0029EC72 /* NSApplicationWindowAtPoint.h in Headers */,
				FF21CDF90999CC4F0029EC72 /* RDNestedOutlineView.h in Headers */,
				FF21CDFB0999CC4F0029EC72 /* RDNestedViewCollection.h in Headers */,
				FF21CDFD0999CC4F0029EC72 /* RDNestedViewDescriptor.h in Headers */,
				FF21CDFE0999CC4F0029EC72 /* RDNestedViewDisplay.h in Headers */,
				FF21CDFF0999CC4F0029EC72 /* RDNestedViewManager.h in Headers */,
				FF21CE010999CC4F0029EC72 /* RDNestedViewWindow.h in Headers */,
				FF21CE030999CC4F0029EC72 /* RDOutlineView.h in Headers */,
				FFFB7B4D0999F01B002D2572 /* Lemuria.h in Headers */,
				FFEC1F9909A7D68800B59E48 /* RDChainedListItem.h in Headers */,
				FFEC1F9B09A7D68800B59E48 /* RDChainedListItemContent.h in Headers */,
				FFEC1F9D09A7D68800B59E48 /* RDChainedListView.h in Headers */,
				FFC71C7B09AEF12600726AF4 /* RDChainedListButton.h in Headers */,
				FF3CEEFC0A57050C00FA9F86 /* RBSplitSubview.h in Headers */,
				FF3CEEFE0A57050C00FA9F86 /* RBSplitView.h in Headers */,
				FF3CEF000A57050C00FA9F86 /* RBSplitViewPrivateDefines.h in Headers */,
				FF2BC71F0A57B9CA001AF02B /* RDNestedTabView.h in Headers */,
				FF2BC98E0A58D87C001AF02B /* RDTabViewItem.h in Headers */,
				FFDC37950C028EFC008790F5 /* RSActionPopUpButton.h in Headers */,
				53C9E69D20AA863D0039E316 /* PTYTabView.h in Headers */,
				FFDC37970C028EFC008790F5 /* RSActionPopUpButtonCell.h in Headers */,
				FFDC379C0C028EFC008790F5 /* RSGradientSquareButton.h in Headers */,
				FFDC379E0C028EFC008790F5 /* RSGradientSquareButtonCell.h in Headers */,
				FFDC37A20C028EFC008790F5 /* RSLinearAxialShading.h in Headers */,
				FFDC37A40C028EFC008790F5 /* RSStepperButton.h in Headers */,
				FF351CF90C0629A000F436BE /* NSBezierPath_AMShading.h in Headers */,
				FF351CFB0C0629A000F436BE /* PSMAquaTabStyle.h in Headers */,
				FF351CFD0C0629A000F436BE /* PSMMetalTabStyle.h in Headers */,
				FF351CFF0C0629A000F436BE /* PSMOverflowPopUpButton.h in Headers */,
				FF351D030C0629A000F436BE /* PSMProgressIndicator.h in Headers */,
				FF351D050C0629A000F436BE /* PSMRolloverButton.h in Headers */,
				FF351D070C0629A000F436BE /* PSMTabBarCell.h in Headers */,
				FF351D0A0C0629A000F436BE /* PSMTabBarControl.h in Headers */,
				FF351D100C0629A000F436BE /* PSMTabDragAssistant.h in Headers */,
				FF351D120C0629A000F436BE /* PSMTabStyle.h in Headers */,
				FF351D130C0629A000F436BE /* PSMUnifiedTabStyle.h in Headers */,
				FF99AE7A0C2B6FD4005F1FF9 /* RDSourceListCell.h in Headers */,
				FF99AED30C2BA45E005F1FF9 /* RDNestedSourceView.h in Headers */,
				FF4769A10C93670200BE7886 /* RDNestedTabBarView.h in Headers */,
				FFADDE3E0C93C84A00BE1C92 /* PSMAdiumTabStyle.h in Headers */,
				FFADDE400C93C84A00BE1C92 /* PSMTabDragWindow.h in Headers */,
				FFCBDABA0CD46CD6009341CB /* RDLayoutManager.h in Headers */,
			);
			runOnlyForDeploymentPostprocessing = 0;
		};
/* End PBXHeadersBuildPhase section */

/* Begin PBXNativeTarget section */
		8DC2EF4F0486A6940098B216 /* Lemuria */ = {
			isa = PBXNativeTarget;
			buildConfigurationList = 1DEB91AD08733DA50010E9CD /* Build configuration list for PBXNativeTarget "Lemuria" */;
			buildPhases = (
				8DC2EF500486A6940098B216 /* Headers */,
				8DC2EF520486A6940098B216 /* Resources */,
				8DC2EF540486A6940098B216 /* Sources */,
				8DC2EF560486A6940098B216 /* Frameworks */,
			);
			buildRules = (
			);
			dependencies = (
			);
			name = Lemuria;
			productInstallPath = "$(HOME)/Library/Frameworks";
			productName = Lemuria;
			productReference = 8DC2EF5B0486A6940098B216 /* Lemuria.framework */;
			productType = "com.apple.product-type.framework";
		};
/* End PBXNativeTarget section */

/* Begin PBXProject section */
		0867D690FE84028FC02AAC07 /* Project object */ = {
			isa = PBXProject;
			attributes = {
			};
			buildConfigurationList = 1DEB91B108733DA50010E9CD /* Build configuration list for PBXProject "Lemuria" */;
			compatibilityVersion = "Xcode 2.4";
			developmentRegion = English;
			hasScannedForEncodings = 1;
			knownRegions = (
				English,
				Japanese,
				French,
				German,
			);
			mainGroup = 0867D691FE84028FC02AAC07 /* Lemuria */;
			productRefGroup = 034768DFFF38A50411DB9C8B /* Products */;
			projectDirPath = "";
			projectRoot = "";
			targets = (
				8DC2EF4F0486A6940098B216 /* Lemuria */,
			);
		};
/* End PBXProject section */

/* Begin PBXResourcesBuildPhase section */
		8DC2EF520486A6940098B216 /* Resources */ = {
			isa = PBXResourcesBuildPhase;
			buildActionMask = 2147483647;
			files = (
				8DC2EF530486A6940098B216 /* InfoPlist.strings in Resources */,
				FF21CDDB0999CC1B0029EC72 /* sheetinfo.strings in Resources */,
				FF21CDE30999CC3E0029EC72 /* close.tif in Resources */,
				FF21CDE40999CC3E0029EC72 /* closePressed.tif in Resources */,
				FF21CDE50999CC3E0029EC72 /* redlight.tiff in Resources */,
				FF21CDE60999CC3E0029EC72 /* whitelight.tif in Resources */,
				FF21CDE70999CC3E0029EC72 /* window.tif in Resources */,
				FF21CDE80999CC3E0029EC72 /* yellowlight.tif in Resources */,
				FF3CF0170A570C5B00FA9F86 /* Drag.png in Resources */,
				FF3CF10D0A57179900FA9F86 /* Thumb8.png in Resources */,
				FF3CF10E0A57179900FA9F86 /* Thumb9.png in Resources */,
				FFDC37910C028EFC008790F5 /* Action_Pressed.tif in Resources */,
				FFDC37920C028EFC008790F5 /* Action.tif in Resources */,
				FFDC37930C028EFC008790F5 /* RotateLeft.tif in Resources */,
				FFDC37940C028EFC008790F5 /* RotateRight.tif in Resources */,
				FFDC37990C028EFC008790F5 /* RSButton.tif in Resources */,
				FF351D310C0629B200F436BE /* 32x32_log.tiff in Resources */,
				FF351D320C0629B200F436BE /* 32x32cancel.png in Resources */,
				FF351D330C0629B200F436BE /* AquaTabClose_Front_Pressed.tif in Resources */,
				FF351D340C0629B200F436BE /* AquaTabClose_Front_Rollover.tif in Resources */,
				FF351D350C0629B200F436BE /* AquaTabClose_Front.tif in Resources */,
				FF351D360C0629B200F436BE /* AquaTabNew.png in Resources */,
				FF351D370C0629B200F436BE /* AquaTabNewPressed.png in Resources */,
				FF351D380C0629B200F436BE /* AquaTabNewRollover.png in Resources */,
				FF351D390C0629B200F436BE /* AquaTabsBackground.png in Resources */,
				FF351D3A0C0629B200F436BE /* AquaTabsDown.png in Resources */,
				FF351D3B0C0629B200F436BE /* AquaTabsDownGraphite.png in Resources */,
				FF351D3C0C0629B200F436BE /* AquaTabsDownNonKey.png in Resources */,
				FF351D3D0C0629B200F436BE /* AquaTabsSeparator.png in Resources */,
				FF351D3E0C0629B200F436BE /* AquaTabsSeparatorDown.png in Resources */,
				FF351D3F0C0629B200F436BE /* Folder.tif in Resources */,
				FF351D400C0629B200F436BE /* Globe.tiff in Resources */,
				FF351D410C0629B200F436BE /* overflowImage.tiff in Resources */,
				FF351D420C0629B200F436BE /* overflowImagePressed.tif in Resources */,
				FF351D430C0629B200F436BE /* pi.png in Resources */,
				FF351D440C0629B200F436BE /* TabClose_Front_Pressed.tif in Resources */,
				FF351D450C0629B200F436BE /* TabClose_Front_Rollover.tif in Resources */,
				FF351D460C0629B200F436BE /* TabClose_Front.tif in Resources */,
				FF351D470C0629B200F436BE /* TabControlRep.tif in Resources */,
				FF351D480C0629B200F436BE /* TabIcon.tif in Resources */,
				FF351D490C0629B200F436BE /* TabNewMetal.png in Resources */,
				FF351D4A0C0629B200F436BE /* TabNewMetalPressed.png in Resources */,
				FF351D4B0C0629B200F436BE /* TabNewMetalRollover.png in Resources */,
				FF351D4C0C0629B200F436BE /* Warning.png in Resources */,
				FF99ADAC0C2B6317005F1FF9 /* folder.png in Resources */,
			);
			runOnlyForDeploymentPostprocessing = 0;
		};
/* End PBXResourcesBuildPhase section */

/* Begin PBXSourcesBuildPhase section */
		8DC2EF540486A6940098B216 /* Sources */ = {
			isa = PBXSourcesBuildPhase;
			buildActionMask = 2147483647;
			files = (
				FFED5A4F096CD74D003EFECE /* RDScrollView.m in Sources */,
				FFED5A51096CD74D003EFECE /* RDTextView.m in Sources */,
				FF21CDF80999CC4F0029EC72 /* NSApplicationWindowAtPoint.m in Sources */,
				FF21CDFA0999CC4F0029EC72 /* RDNestedOutlineView.m in Sources */,
				FF21CDFC0999CC4F0029EC72 /* RDNestedViewCollection.m in Sources */,
				FF21CE000999CC4F0029EC72 /* RDNestedViewManager.m in Sources */,
				FF21CE020999CC4F0029EC72 /* RDNestedViewWindow.m in Sources */,
				FF21CE040999CC4F0029EC72 /* RDOutlineView.m in Sources */,
				FFEC1F9A09A7D68800B59E48 /* RDChainedListItem.m in Sources */,
				FFEC1F9C09A7D68800B59E48 /* RDChainedListItemContent.m in Sources */,
				FFEC1F9E09A7D68800B59E48 /* RDChainedListView.m in Sources */,
				FFC71C7C09AEF12600726AF4 /* RDChainedListButton.m in Sources */,
				FF3CEEFD0A57050C00FA9F86 /* RBSplitSubview.m in Sources */,
				FF3CEEFF0A57050C00FA9F86 /* RBSplitView.m in Sources */,
				53C9E69E20AA863D0039E316 /* PTYTabView.m in Sources */,
				FF2BC7200A57B9CA001AF02B /* RDNestedTabView.m in Sources */,
				FF2BC98F0A58D87C001AF02B /* RDTabViewItem.m in Sources */,
				FFDC37960C028EFC008790F5 /* RSActionPopUpButton.mm in Sources */,
				FFDC37980C028EFC008790F5 /* RSActionPopUpButtonCell.mm in Sources */,
				FFDC379D0C028EFC008790F5 /* RSGradientSquareButton.mm in Sources */,
				FFDC379F0C028EFC008790F5 /* RSGradientSquareButtonCell.mm in Sources */,
				FFDC37A30C028EFC008790F5 /* RSLinearAxialShading.mm in Sources */,
				FFDC37A50C028EFC008790F5 /* RSStepperButton.mm in Sources */,
				FF351CFA0C0629A000F436BE /* NSBezierPath_AMShading.m in Sources */,
				FF351CFC0C0629A000F436BE /* PSMAquaTabStyle.m in Sources */,
				FF351CFE0C0629A000F436BE /* PSMMetalTabStyle.m in Sources */,
				FF351D010C0629A000F436BE /* PSMOverflowPopUpButton.m in Sources */,
				FF351D040C0629A000F436BE /* PSMProgressIndicator.m in Sources */,
				FF351D060C0629A000F436BE /* PSMRolloverButton.m in Sources */,
				FF351D080C0629A000F436BE /* PSMTabBarCell.m in Sources */,
				FF351D0B0C0629A000F436BE /* PSMTabBarControl.m in Sources */,
				FF351D110C0629A000F436BE /* PSMTabDragAssistant.m in Sources */,
				FF351D140C0629A000F436BE /* PSMUnifiedTabStyle.m in Sources */,
				FF99AE7B0C2B6FD4005F1FF9 /* RDSourceListCell.m in Sources */,
				FF99AED40C2BA45E005F1FF9 /* RDNestedSourceView.m in Sources */,
				FF4769A20C93670200BE7886 /* RDNestedTabBarView.m in Sources */,
				FFADDE3F0C93C84A00BE1C92 /* PSMAdiumTabStyle.m in Sources */,
				FFADDE410C93C84A00BE1C92 /* PSMTabDragWindow.m in Sources */,
				FFCBDABB0CD46CD6009341CB /* RDLayoutManager.m in Sources */,
			);
			runOnlyForDeploymentPostprocessing = 0;
		};
/* End PBXSourcesBuildPhase section */

/* Begin PBXVariantGroup section */
		089C1666FE841158C02AAC07 /* InfoPlist.strings */ = {
			isa = PBXVariantGroup;
			children = (
				089C1667FE841158C02AAC07 /* English */,
			);
			name = InfoPlist.strings;
			sourceTree = "<group>";
		};
		FF21CDDA0999CC1B0029EC72 /* sheetinfo.strings */ = {
			isa = PBXVariantGroup;
			children = (
				FF21CDD50999CC110029EC72 /* English */,
			);
			name = sheetinfo.strings;
			sourceTree = "<group>";
		};
/* End PBXVariantGroup section */

/* Begin XCBuildConfiguration section */
		1DEB91AE08733DA50010E9CD /* Debug */ = {
			isa = XCBuildConfiguration;
			buildSettings = {
				ARCHS = "$(ARCHS_STANDARD)";
				COPY_PHASE_STRIP = NO;
				DYLIB_COMPATIBILITY_VERSION = 1;
				DYLIB_CURRENT_VERSION = 1;
				FRAMEWORK_VERSION = A;
				GCC_DYNAMIC_NO_PIC = NO;
				GCC_ENABLE_FIX_AND_CONTINUE = YES;
				GCC_MODEL_TUNING = G5;
				GCC_OPTIMIZATION_LEVEL = 0;
				GCC_PRECOMPILE_PREFIX_HEADER = YES;
				GCC_PREFIX_HEADER = Lemuria_Prefix.pch;
				INFOPLIST_FILE = Info.plist;
				INSTALL_PATH = "@executable_path/../Frameworks";
				MACOSX_DEPLOYMENT_TARGET = 10.9;
				PRODUCT_NAME = Lemuria;
				VERSIONING_SYSTEM = "";
				WRAPPER_EXTENSION = framework;
				ZERO_LINK = YES;
			};
			name = Debug;
		};
		1DEB91AF08733DA50010E9CD /* Release */ = {
			isa = XCBuildConfiguration;
			buildSettings = {
				ARCHS = "$(ARCHS_STANDARD)";
				DYLIB_COMPATIBILITY_VERSION = 1;
				DYLIB_CURRENT_VERSION = 1;
				FRAMEWORK_VERSION = A;
				GCC_GENERATE_DEBUGGING_SYMBOLS = NO;
				GCC_MODEL_TUNING = G5;
				GCC_PRECOMPILE_PREFIX_HEADER = YES;
				GCC_PREFIX_HEADER = Lemuria_Prefix.pch;
				INFOPLIST_FILE = Info.plist;
				INSTALL_PATH = "@executable_path/../Frameworks";
				MACOSX_DEPLOYMENT_TARGET = 10.9;
				PRODUCT_NAME = Lemuria;
				VERSIONING_SYSTEM = "";
				WRAPPER_EXTENSION = framework;
			};
			name = Release;
		};
		1DEB91B208733DA50010E9CD /* Debug */ = {
			isa = XCBuildConfiguration;
			buildSettings = {
				ARCHS = "$(ARCHS_STANDARD)";
				GCC_ENABLE_OBJC_EXCEPTIONS = YES;
				GCC_WARN_ABOUT_RETURN_TYPE = YES;
				GCC_WARN_ALLOW_INCOMPLETE_PROTOCOL = NO;
				GCC_WARN_UNUSED_VARIABLE = YES;
				MACOSX_DEPLOYMENT_TARGET = 10.6;
				PREBINDING = NO;
				SDKROOT = macosx;
				VALID_ARCHS = x86_64;
			};
			name = Debug;
		};
		1DEB91B308733DA50010E9CD /* Release */ = {
			isa = XCBuildConfiguration;
			buildSettings = {
				ARCHS = "$(ARCHS_STANDARD)";
				DEPLOYMENT_LOCATION = NO;
				GCC_ENABLE_OBJC_EXCEPTIONS = YES;
				GCC_OPTIMIZATION_LEVEL = 3;
				GCC_WARN_ABOUT_RETURN_TYPE = YES;
				GCC_WARN_ALLOW_INCOMPLETE_PROTOCOL = NO;
				GCC_WARN_UNUSED_VARIABLE = YES;
				MACOSX_DEPLOYMENT_TARGET = 10.6;
				MACOSX_DEPLOYMENT_TARGET_i386 = 10.4;
				MACOSX_DEPLOYMENT_TARGET_ppc = 10.3;
				PREBINDING = NO;
				SDKROOT = macosx;
				VALID_ARCHS = x86_64;
			};
			name = Release;
		};
/* End XCBuildConfiguration section */

/* Begin XCConfigurationList section */
		1DEB91AD08733DA50010E9CD /* Build configuration list for PBXNativeTarget "Lemuria" */ = {
			isa = XCConfigurationList;
			buildConfigurations = (
				1DEB91AE08733DA50010E9CD /* Debug */,
				1DEB91AF08733DA50010E9CD /* Release */,
			);
			defaultConfigurationIsVisible = 0;
			defaultConfigurationName = Release;
		};
		1DEB91B108733DA50010E9CD /* Build configuration list for PBXProject "Lemuria" */ = {
			isa = XCConfigurationList;
			buildConfigurations = (
				1DEB91B208733DA50010E9CD /* Debug */,
				1DEB91B308733DA50010E9CD /* Release */,
			);
			defaultConfigurationIsVisible = 0;
			defaultConfigurationName = Release;
		};
/* End XCConfigurationList section */
	};
	rootObject = 0867D690FE84028FC02AAC07 /* Project object */;
}
